
Microsoft Visual Studio Solution File, Format Version 12.00
# Visual Studio 15
VisualStudioVersion = 15.0.26228.12
MinimumVisualStudioVersion = 10.0.40219.1
Project("{FAE04EC0-301F-11D3-BF4B-00C04F79EFBC}") = "Core", "Core\Core.csproj", "{D447642C-A85F-4AB0-96D9-C66CFF91AADA}"
EndProject
Project("{FAE04EC0-301F-11D3-BF4B-00C04F79EFBC}") = "WpfView", "WpfView\WpfView.csproj", "{4D253423-AE05-47F6-A59D-9162EC0BB1F2}"
EndProject
Project("{FAE04EC0-301F-11D3-BF4B-00C04F79EFBC}") = "Wpf", "Examples\Wpf\Wpf.csproj", "{537FF5D4-19FB-415E-B3D2-B83CB93E968B}"
EndProject
Project("{2150E333-8FDC-42A3-9474-1A3956D46DE8}") = "Examples", "Examples", "{609963C9-8E55-4B42-8B84-721B625BA1E9}"
EndProject
Project("{FAE04EC0-301F-11D3-BF4B-00C04F79EFBC}") = "WinFormsView", "WinFormsView\WinFormsView.csproj", "{45E67C4F-88DF-4617-ACB1-B54C5DBF8390}"
EndProject
Project("{FAE04EC0-301F-11D3-BF4B-00C04F79EFBC}") = "Winforms", "Examples\WinForms\Winforms.csproj", "{CA7BA22C-ECB7-4930-9981-E9B121588401}"
EndProject
Project("{FAE04EC0-301F-11D3-BF4B-00C04F79EFBC}") = "UnitTests", "UnitTests\UnitTests.csproj", "{658F1D11-ED2B-418C-B20D-30AF74C3CB81}"
EndProject
Project("{FAE04EC0-301F-11D3-BF4B-00C04F79EFBC}") = "UwpView", "UwpView\UwpView.csproj", "{9F22A3E2-CE88-41C3-8117-E9D3901BAA48}"
EndProject
Project("{FAE04EC0-301F-11D3-BF4B-00C04F79EFBC}") = "UWP", "Examples\UWP\UWP.csproj", "{F9637741-4358-40D8-8638-2B35AC72FA39}"
EndProject
Project("{FAE04EC0-301F-11D3-BF4B-00C04F79EFBC}") = "Core40", "Core40\Core40.csproj", "{F261C3D7-6194-4625-9516-044081B06028}"
EndProject
Global
	GlobalSection(SolutionConfigurationPlatforms) = preSolution
		Debug|Any CPU = Debug|Any CPU
		Debug|ARM = Debug|ARM
		Debug|x64 = Debug|x64
		Debug|x86 = Debug|x86
		net40|Any CPU = net40|Any CPU
		net40|ARM = net40|ARM
		net40|x64 = net40|x64
		net40|x86 = net40|x86
		net45|Any CPU = net45|Any CPU
		net45|ARM = net45|ARM
		net45|x64 = net45|x64
		net45|x86 = net45|x86
		Release|Any CPU = Release|Any CPU
		Release|ARM = Release|ARM
		Release|x64 = Release|x64
		Release|x86 = Release|x86
	EndGlobalSection
	GlobalSection(ProjectConfigurationPlatforms) = postSolution
		{D447642C-A85F-4AB0-96D9-C66CFF91AADA}.Debug|Any CPU.ActiveCfg = Debug|Any CPU
		{D447642C-A85F-4AB0-96D9-C66CFF91AADA}.Debug|Any CPU.Build.0 = Debug|Any CPU
		{D447642C-A85F-4AB0-96D9-C66CFF91AADA}.Debug|ARM.ActiveCfg = Debug|Any CPU
		{D447642C-A85F-4AB0-96D9-C66CFF91AADA}.Debug|ARM.Build.0 = Debug|Any CPU
		{D447642C-A85F-4AB0-96D9-C66CFF91AADA}.Debug|x64.ActiveCfg = Debug|Any CPU
		{D447642C-A85F-4AB0-96D9-C66CFF91AADA}.Debug|x64.Build.0 = Debug|Any CPU
		{D447642C-A85F-4AB0-96D9-C66CFF91AADA}.Debug|x86.ActiveCfg = Debug|Any CPU
		{D447642C-A85F-4AB0-96D9-C66CFF91AADA}.Debug|x86.Build.0 = Debug|Any CPU
		{D447642C-A85F-4AB0-96D9-C66CFF91AADA}.net40|Any CPU.ActiveCfg = Release|Any CPU
		{D447642C-A85F-4AB0-96D9-C66CFF91AADA}.net40|Any CPU.Build.0 = Release|Any CPU
		{D447642C-A85F-4AB0-96D9-C66CFF91AADA}.net40|ARM.ActiveCfg = Release|Any CPU
		{D447642C-A85F-4AB0-96D9-C66CFF91AADA}.net40|ARM.Build.0 = Release|Any CPU
		{D447642C-A85F-4AB0-96D9-C66CFF91AADA}.net40|x64.ActiveCfg = Release|Any CPU
		{D447642C-A85F-4AB0-96D9-C66CFF91AADA}.net40|x64.Build.0 = Release|Any CPU
		{D447642C-A85F-4AB0-96D9-C66CFF91AADA}.net40|x86.ActiveCfg = Release|Any CPU
		{D447642C-A85F-4AB0-96D9-C66CFF91AADA}.net40|x86.Build.0 = Release|Any CPU
		{D447642C-A85F-4AB0-96D9-C66CFF91AADA}.net45|Any CPU.ActiveCfg = Release|Any CPU
		{D447642C-A85F-4AB0-96D9-C66CFF91AADA}.net45|Any CPU.Build.0 = Release|Any CPU
		{D447642C-A85F-4AB0-96D9-C66CFF91AADA}.net45|ARM.ActiveCfg = Release|Any CPU
		{D447642C-A85F-4AB0-96D9-C66CFF91AADA}.net45|ARM.Build.0 = Release|Any CPU
		{D447642C-A85F-4AB0-96D9-C66CFF91AADA}.net45|x64.ActiveCfg = Release|Any CPU
		{D447642C-A85F-4AB0-96D9-C66CFF91AADA}.net45|x64.Build.0 = Release|Any CPU
		{D447642C-A85F-4AB0-96D9-C66CFF91AADA}.net45|x86.ActiveCfg = Release|Any CPU
		{D447642C-A85F-4AB0-96D9-C66CFF91AADA}.net45|x86.Build.0 = Release|Any CPU
		{D447642C-A85F-4AB0-96D9-C66CFF91AADA}.Release|Any CPU.ActiveCfg = Release|Any CPU
		{D447642C-A85F-4AB0-96D9-C66CFF91AADA}.Release|Any CPU.Build.0 = Release|Any CPU
		{D447642C-A85F-4AB0-96D9-C66CFF91AADA}.Release|ARM.ActiveCfg = Release|Any CPU
		{D447642C-A85F-4AB0-96D9-C66CFF91AADA}.Release|ARM.Build.0 = Release|Any CPU
		{D447642C-A85F-4AB0-96D9-C66CFF91AADA}.Release|x64.ActiveCfg = Release|Any CPU
		{D447642C-A85F-4AB0-96D9-C66CFF91AADA}.Release|x64.Build.0 = Release|Any CPU
		{D447642C-A85F-4AB0-96D9-C66CFF91AADA}.Release|x86.ActiveCfg = Release|Any CPU
		{D447642C-A85F-4AB0-96D9-C66CFF91AADA}.Release|x86.Build.0 = Release|Any CPU
		{4D253423-AE05-47F6-A59D-9162EC0BB1F2}.Debug|Any CPU.ActiveCfg = Debug|Any CPU
		{4D253423-AE05-47F6-A59D-9162EC0BB1F2}.Debug|Any CPU.Build.0 = Debug|Any CPU
		{4D253423-AE05-47F6-A59D-9162EC0BB1F2}.Debug|ARM.ActiveCfg = Debug|Any CPU
		{4D253423-AE05-47F6-A59D-9162EC0BB1F2}.Debug|ARM.Build.0 = Debug|Any CPU
		{4D253423-AE05-47F6-A59D-9162EC0BB1F2}.Debug|x64.ActiveCfg = Debug|Any CPU
		{4D253423-AE05-47F6-A59D-9162EC0BB1F2}.Debug|x64.Build.0 = Debug|Any CPU
		{4D253423-AE05-47F6-A59D-9162EC0BB1F2}.Debug|x86.ActiveCfg = Debug|Any CPU
		{4D253423-AE05-47F6-A59D-9162EC0BB1F2}.Debug|x86.Build.0 = Debug|Any CPU
		{4D253423-AE05-47F6-A59D-9162EC0BB1F2}.net40|Any CPU.ActiveCfg = Release|Any CPU
		{4D253423-AE05-47F6-A59D-9162EC0BB1F2}.net40|Any CPU.Build.0 = Release|Any CPU
		{4D253423-AE05-47F6-A59D-9162EC0BB1F2}.net40|ARM.ActiveCfg = Release|Any CPU
		{4D253423-AE05-47F6-A59D-9162EC0BB1F2}.net40|ARM.Build.0 = Release|Any CPU
		{4D253423-AE05-47F6-A59D-9162EC0BB1F2}.net40|x64.ActiveCfg = Release|Any CPU
		{4D253423-AE05-47F6-A59D-9162EC0BB1F2}.net40|x64.Build.0 = Release|Any CPU
		{4D253423-AE05-47F6-A59D-9162EC0BB1F2}.net40|x86.ActiveCfg = Release|Any CPU
		{4D253423-AE05-47F6-A59D-9162EC0BB1F2}.net40|x86.Build.0 = Release|Any CPU
		{4D253423-AE05-47F6-A59D-9162EC0BB1F2}.net45|Any CPU.ActiveCfg = Release|Any CPU
		{4D253423-AE05-47F6-A59D-9162EC0BB1F2}.net45|Any CPU.Build.0 = Release|Any CPU
		{4D253423-AE05-47F6-A59D-9162EC0BB1F2}.net45|ARM.ActiveCfg = Release|Any CPU
		{4D253423-AE05-47F6-A59D-9162EC0BB1F2}.net45|ARM.Build.0 = Release|Any CPU
		{4D253423-AE05-47F6-A59D-9162EC0BB1F2}.net45|x64.ActiveCfg = Release|Any CPU
		{4D253423-AE05-47F6-A59D-9162EC0BB1F2}.net45|x64.Build.0 = Release|Any CPU
		{4D253423-AE05-47F6-A59D-9162EC0BB1F2}.net45|x86.ActiveCfg = Release|Any CPU
		{4D253423-AE05-47F6-A59D-9162EC0BB1F2}.net45|x86.Build.0 = Release|Any CPU
		{4D253423-AE05-47F6-A59D-9162EC0BB1F2}.Release|Any CPU.ActiveCfg = Release|Any CPU
		{4D253423-AE05-47F6-A59D-9162EC0BB1F2}.Release|Any CPU.Build.0 = Release|Any CPU
		{4D253423-AE05-47F6-A59D-9162EC0BB1F2}.Release|ARM.ActiveCfg = Release|Any CPU
		{4D253423-AE05-47F6-A59D-9162EC0BB1F2}.Release|ARM.Build.0 = Release|Any CPU
		{4D253423-AE05-47F6-A59D-9162EC0BB1F2}.Release|x64.ActiveCfg = Release|Any CPU
		{4D253423-AE05-47F6-A59D-9162EC0BB1F2}.Release|x64.Build.0 = Release|Any CPU
		{4D253423-AE05-47F6-A59D-9162EC0BB1F2}.Release|x86.ActiveCfg = Release|Any CPU
		{4D253423-AE05-47F6-A59D-9162EC0BB1F2}.Release|x86.Build.0 = Release|Any CPU
		{537FF5D4-19FB-415E-B3D2-B83CB93E968B}.Debug|Any CPU.ActiveCfg = Debug|Any CPU
		{537FF5D4-19FB-415E-B3D2-B83CB93E968B}.Debug|Any CPU.Build.0 = Debug|Any CPU
		{537FF5D4-19FB-415E-B3D2-B83CB93E968B}.Debug|ARM.ActiveCfg = Debug|Any CPU
		{537FF5D4-19FB-415E-B3D2-B83CB93E968B}.Debug|ARM.Build.0 = Debug|Any CPU
		{537FF5D4-19FB-415E-B3D2-B83CB93E968B}.Debug|x64.ActiveCfg = Debug|Any CPU
		{537FF5D4-19FB-415E-B3D2-B83CB93E968B}.Debug|x64.Build.0 = Debug|Any CPU
		{537FF5D4-19FB-415E-B3D2-B83CB93E968B}.Debug|x86.ActiveCfg = Debug|Any CPU
		{537FF5D4-19FB-415E-B3D2-B83CB93E968B}.Debug|x86.Build.0 = Debug|Any CPU
		{537FF5D4-19FB-415E-B3D2-B83CB93E968B}.net40|Any CPU.ActiveCfg = Release|Any CPU
		{537FF5D4-19FB-415E-B3D2-B83CB93E968B}.net40|Any CPU.Build.0 = Release|Any CPU
		{537FF5D4-19FB-415E-B3D2-B83CB93E968B}.net40|ARM.ActiveCfg = Release|Any CPU
		{537FF5D4-19FB-415E-B3D2-B83CB93E968B}.net40|ARM.Build.0 = Release|Any CPU
		{537FF5D4-19FB-415E-B3D2-B83CB93E968B}.net40|x64.ActiveCfg = Release|Any CPU
		{537FF5D4-19FB-415E-B3D2-B83CB93E968B}.net40|x64.Build.0 = Release|Any CPU
		{537FF5D4-19FB-415E-B3D2-B83CB93E968B}.net40|x86.ActiveCfg = Release|Any CPU
		{537FF5D4-19FB-415E-B3D2-B83CB93E968B}.net40|x86.Build.0 = Release|Any CPU
		{537FF5D4-19FB-415E-B3D2-B83CB93E968B}.net45|Any CPU.ActiveCfg = Release|Any CPU
		{537FF5D4-19FB-415E-B3D2-B83CB93E968B}.net45|Any CPU.Build.0 = Release|Any CPU
		{537FF5D4-19FB-415E-B3D2-B83CB93E968B}.net45|ARM.ActiveCfg = Release|Any CPU
		{537FF5D4-19FB-415E-B3D2-B83CB93E968B}.net45|ARM.Build.0 = Release|Any CPU
		{537FF5D4-19FB-415E-B3D2-B83CB93E968B}.net45|x64.ActiveCfg = Release|Any CPU
		{537FF5D4-19FB-415E-B3D2-B83CB93E968B}.net45|x64.Build.0 = Release|Any CPU
		{537FF5D4-19FB-415E-B3D2-B83CB93E968B}.net45|x86.ActiveCfg = Release|Any CPU
		{537FF5D4-19FB-415E-B3D2-B83CB93E968B}.net45|x86.Build.0 = Release|Any CPU
		{537FF5D4-19FB-415E-B3D2-B83CB93E968B}.Release|Any CPU.ActiveCfg = Release|Any CPU
		{537FF5D4-19FB-415E-B3D2-B83CB93E968B}.Release|Any CPU.Build.0 = Release|Any CPU
		{537FF5D4-19FB-415E-B3D2-B83CB93E968B}.Release|ARM.ActiveCfg = Release|Any CPU
		{537FF5D4-19FB-415E-B3D2-B83CB93E968B}.Release|ARM.Build.0 = Release|Any CPU
		{537FF5D4-19FB-415E-B3D2-B83CB93E968B}.Release|x64.ActiveCfg = Release|Any CPU
		{537FF5D4-19FB-415E-B3D2-B83CB93E968B}.Release|x64.Build.0 = Release|Any CPU
		{537FF5D4-19FB-415E-B3D2-B83CB93E968B}.Release|x86.ActiveCfg = Release|Any CPU
		{537FF5D4-19FB-415E-B3D2-B83CB93E968B}.Release|x86.Build.0 = Release|Any CPU
		{45E67C4F-88DF-4617-ACB1-B54C5DBF8390}.Debug|Any CPU.ActiveCfg = Debug|Any CPU
		{45E67C4F-88DF-4617-ACB1-B54C5DBF8390}.Debug|Any CPU.Build.0 = Debug|Any CPU
		{45E67C4F-88DF-4617-ACB1-B54C5DBF8390}.Debug|ARM.ActiveCfg = Debug|Any CPU
		{45E67C4F-88DF-4617-ACB1-B54C5DBF8390}.Debug|ARM.Build.0 = Debug|Any CPU
		{45E67C4F-88DF-4617-ACB1-B54C5DBF8390}.Debug|x64.ActiveCfg = Debug|Any CPU
		{45E67C4F-88DF-4617-ACB1-B54C5DBF8390}.Debug|x64.Build.0 = Debug|Any CPU
		{45E67C4F-88DF-4617-ACB1-B54C5DBF8390}.Debug|x86.ActiveCfg = Debug|Any CPU
		{45E67C4F-88DF-4617-ACB1-B54C5DBF8390}.Debug|x86.Build.0 = Debug|Any CPU
		{45E67C4F-88DF-4617-ACB1-B54C5DBF8390}.net40|Any CPU.ActiveCfg = Release|Any CPU
		{45E67C4F-88DF-4617-ACB1-B54C5DBF8390}.net40|Any CPU.Build.0 = Release|Any CPU
		{45E67C4F-88DF-4617-ACB1-B54C5DBF8390}.net40|ARM.ActiveCfg = Release|Any CPU
		{45E67C4F-88DF-4617-ACB1-B54C5DBF8390}.net40|ARM.Build.0 = Release|Any CPU
		{45E67C4F-88DF-4617-ACB1-B54C5DBF8390}.net40|x64.ActiveCfg = Release|Any CPU
		{45E67C4F-88DF-4617-ACB1-B54C5DBF8390}.net40|x64.Build.0 = Release|Any CPU
		{45E67C4F-88DF-4617-ACB1-B54C5DBF8390}.net40|x86.ActiveCfg = Release|Any CPU
		{45E67C4F-88DF-4617-ACB1-B54C5DBF8390}.net40|x86.Build.0 = Release|Any CPU
		{45E67C4F-88DF-4617-ACB1-B54C5DBF8390}.net45|Any CPU.ActiveCfg = Release|Any CPU
		{45E67C4F-88DF-4617-ACB1-B54C5DBF8390}.net45|Any CPU.Build.0 = Release|Any CPU
		{45E67C4F-88DF-4617-ACB1-B54C5DBF8390}.net45|ARM.ActiveCfg = Release|Any CPU
		{45E67C4F-88DF-4617-ACB1-B54C5DBF8390}.net45|ARM.Build.0 = Release|Any CPU
		{45E67C4F-88DF-4617-ACB1-B54C5DBF8390}.net45|x64.ActiveCfg = Release|Any CPU
		{45E67C4F-88DF-4617-ACB1-B54C5DBF8390}.net45|x64.Build.0 = Release|Any CPU
		{45E67C4F-88DF-4617-ACB1-B54C5DBF8390}.net45|x86.ActiveCfg = Release|Any CPU
		{45E67C4F-88DF-4617-ACB1-B54C5DBF8390}.net45|x86.Build.0 = Release|Any CPU
		{45E67C4F-88DF-4617-ACB1-B54C5DBF8390}.Release|Any CPU.ActiveCfg = Release|Any CPU
		{45E67C4F-88DF-4617-ACB1-B54C5DBF8390}.Release|Any CPU.Build.0 = Release|Any CPU
		{45E67C4F-88DF-4617-ACB1-B54C5DBF8390}.Release|ARM.ActiveCfg = Release|Any CPU
		{45E67C4F-88DF-4617-ACB1-B54C5DBF8390}.Release|ARM.Build.0 = Release|Any CPU
		{45E67C4F-88DF-4617-ACB1-B54C5DBF8390}.Release|x64.ActiveCfg = Release|Any CPU
		{45E67C4F-88DF-4617-ACB1-B54C5DBF8390}.Release|x64.Build.0 = Release|Any CPU
		{45E67C4F-88DF-4617-ACB1-B54C5DBF8390}.Release|x86.ActiveCfg = Release|Any CPU
		{45E67C4F-88DF-4617-ACB1-B54C5DBF8390}.Release|x86.Build.0 = Release|Any CPU
		{CA7BA22C-ECB7-4930-9981-E9B121588401}.Debug|Any CPU.ActiveCfg = Debug|Any CPU
		{CA7BA22C-ECB7-4930-9981-E9B121588401}.Debug|Any CPU.Build.0 = Debug|Any CPU
		{CA7BA22C-ECB7-4930-9981-E9B121588401}.Debug|ARM.ActiveCfg = Debug|Any CPU
		{CA7BA22C-ECB7-4930-9981-E9B121588401}.Debug|ARM.Build.0 = Debug|Any CPU
		{CA7BA22C-ECB7-4930-9981-E9B121588401}.Debug|x64.ActiveCfg = Debug|Any CPU
		{CA7BA22C-ECB7-4930-9981-E9B121588401}.Debug|x64.Build.0 = Debug|Any CPU
		{CA7BA22C-ECB7-4930-9981-E9B121588401}.Debug|x86.ActiveCfg = Debug|Any CPU
		{CA7BA22C-ECB7-4930-9981-E9B121588401}.Debug|x86.Build.0 = Debug|Any CPU
		{CA7BA22C-ECB7-4930-9981-E9B121588401}.net40|Any CPU.ActiveCfg = arm|Any CPU
		{CA7BA22C-ECB7-4930-9981-E9B121588401}.net40|Any CPU.Build.0 = arm|Any CPU
		{CA7BA22C-ECB7-4930-9981-E9B121588401}.net40|ARM.ActiveCfg = arm|Any CPU
		{CA7BA22C-ECB7-4930-9981-E9B121588401}.net40|ARM.Build.0 = arm|Any CPU
		{CA7BA22C-ECB7-4930-9981-E9B121588401}.net40|x64.ActiveCfg = arm|Any CPU
		{CA7BA22C-ECB7-4930-9981-E9B121588401}.net40|x64.Build.0 = arm|Any CPU
		{CA7BA22C-ECB7-4930-9981-E9B121588401}.net40|x86.ActiveCfg = arm|Any CPU
		{CA7BA22C-ECB7-4930-9981-E9B121588401}.net40|x86.Build.0 = arm|Any CPU
		{CA7BA22C-ECB7-4930-9981-E9B121588401}.net45|Any CPU.ActiveCfg = arm|Any CPU
		{CA7BA22C-ECB7-4930-9981-E9B121588401}.net45|Any CPU.Build.0 = arm|Any CPU
		{CA7BA22C-ECB7-4930-9981-E9B121588401}.net45|ARM.ActiveCfg = arm|Any CPU
		{CA7BA22C-ECB7-4930-9981-E9B121588401}.net45|ARM.Build.0 = arm|Any CPU
		{CA7BA22C-ECB7-4930-9981-E9B121588401}.net45|x64.ActiveCfg = arm|Any CPU
		{CA7BA22C-ECB7-4930-9981-E9B121588401}.net45|x64.Build.0 = arm|Any CPU
		{CA7BA22C-ECB7-4930-9981-E9B121588401}.net45|x86.ActiveCfg = arm|Any CPU
		{CA7BA22C-ECB7-4930-9981-E9B121588401}.net45|x86.Build.0 = arm|Any CPU
		{CA7BA22C-ECB7-4930-9981-E9B121588401}.Release|Any CPU.ActiveCfg = Release|Any CPU
		{CA7BA22C-ECB7-4930-9981-E9B121588401}.Release|Any CPU.Build.0 = Release|Any CPU
		{CA7BA22C-ECB7-4930-9981-E9B121588401}.Release|ARM.ActiveCfg = Release|Any CPU
		{CA7BA22C-ECB7-4930-9981-E9B121588401}.Release|ARM.Build.0 = Release|Any CPU
		{CA7BA22C-ECB7-4930-9981-E9B121588401}.Release|x64.ActiveCfg = Release|Any CPU
		{CA7BA22C-ECB7-4930-9981-E9B121588401}.Release|x64.Build.0 = Release|Any CPU
		{CA7BA22C-ECB7-4930-9981-E9B121588401}.Release|x86.ActiveCfg = Release|Any CPU
		{CA7BA22C-ECB7-4930-9981-E9B121588401}.Release|x86.Build.0 = Release|Any CPU
		{658F1D11-ED2B-418C-B20D-30AF74C3CB81}.Debug|Any CPU.ActiveCfg = Debug|Any CPU
		{658F1D11-ED2B-418C-B20D-30AF74C3CB81}.Debug|Any CPU.Build.0 = Debug|Any CPU
		{658F1D11-ED2B-418C-B20D-30AF74C3CB81}.Debug|ARM.ActiveCfg = Debug|Any CPU
		{658F1D11-ED2B-418C-B20D-30AF74C3CB81}.Debug|ARM.Build.0 = Debug|Any CPU
		{658F1D11-ED2B-418C-B20D-30AF74C3CB81}.Debug|x64.ActiveCfg = Debug|Any CPU
		{658F1D11-ED2B-418C-B20D-30AF74C3CB81}.Debug|x64.Build.0 = Debug|Any CPU
		{658F1D11-ED2B-418C-B20D-30AF74C3CB81}.Debug|x86.ActiveCfg = Debug|Any CPU
		{658F1D11-ED2B-418C-B20D-30AF74C3CB81}.Debug|x86.Build.0 = Debug|Any CPU
		{658F1D11-ED2B-418C-B20D-30AF74C3CB81}.net40|Any CPU.ActiveCfg = arm|Any CPU
		{658F1D11-ED2B-418C-B20D-30AF74C3CB81}.net40|Any CPU.Build.0 = arm|Any CPU
		{658F1D11-ED2B-418C-B20D-30AF74C3CB81}.net40|ARM.ActiveCfg = arm|Any CPU
		{658F1D11-ED2B-418C-B20D-30AF74C3CB81}.net40|ARM.Build.0 = arm|Any CPU
		{658F1D11-ED2B-418C-B20D-30AF74C3CB81}.net40|x64.ActiveCfg = arm|Any CPU
		{658F1D11-ED2B-418C-B20D-30AF74C3CB81}.net40|x64.Build.0 = arm|Any CPU
		{658F1D11-ED2B-418C-B20D-30AF74C3CB81}.net40|x86.ActiveCfg = arm|Any CPU
		{658F1D11-ED2B-418C-B20D-30AF74C3CB81}.net40|x86.Build.0 = arm|Any CPU
		{658F1D11-ED2B-418C-B20D-30AF74C3CB81}.net45|Any CPU.ActiveCfg = arm|Any CPU
		{658F1D11-ED2B-418C-B20D-30AF74C3CB81}.net45|Any CPU.Build.0 = arm|Any CPU
		{658F1D11-ED2B-418C-B20D-30AF74C3CB81}.net45|ARM.ActiveCfg = arm|Any CPU
		{658F1D11-ED2B-418C-B20D-30AF74C3CB81}.net45|ARM.Build.0 = arm|Any CPU
		{658F1D11-ED2B-418C-B20D-30AF74C3CB81}.net45|x64.ActiveCfg = arm|Any CPU
		{658F1D11-ED2B-418C-B20D-30AF74C3CB81}.net45|x64.Build.0 = arm|Any CPU
		{658F1D11-ED2B-418C-B20D-30AF74C3CB81}.net45|x86.ActiveCfg = arm|Any CPU
		{658F1D11-ED2B-418C-B20D-30AF74C3CB81}.net45|x86.Build.0 = arm|Any CPU
		{658F1D11-ED2B-418C-B20D-30AF74C3CB81}.Release|Any CPU.ActiveCfg = Release|Any CPU
		{658F1D11-ED2B-418C-B20D-30AF74C3CB81}.Release|Any CPU.Build.0 = Release|Any CPU
		{658F1D11-ED2B-418C-B20D-30AF74C3CB81}.Release|ARM.ActiveCfg = Release|Any CPU
		{658F1D11-ED2B-418C-B20D-30AF74C3CB81}.Release|ARM.Build.0 = Release|Any CPU
		{658F1D11-ED2B-418C-B20D-30AF74C3CB81}.Release|x64.ActiveCfg = Release|Any CPU
		{658F1D11-ED2B-418C-B20D-30AF74C3CB81}.Release|x64.Build.0 = Release|Any CPU
		{658F1D11-ED2B-418C-B20D-30AF74C3CB81}.Release|x86.ActiveCfg = Release|Any CPU
		{658F1D11-ED2B-418C-B20D-30AF74C3CB81}.Release|x86.Build.0 = Release|Any CPU
		{9F22A3E2-CE88-41C3-8117-E9D3901BAA48}.Debug|Any CPU.ActiveCfg = Debug|Any CPU
		{9F22A3E2-CE88-41C3-8117-E9D3901BAA48}.Debug|Any CPU.Build.0 = Debug|Any CPU
		{9F22A3E2-CE88-41C3-8117-E9D3901BAA48}.Debug|ARM.ActiveCfg = Debug|ARM
		{9F22A3E2-CE88-41C3-8117-E9D3901BAA48}.Debug|ARM.Build.0 = Debug|ARM
		{9F22A3E2-CE88-41C3-8117-E9D3901BAA48}.Debug|x64.ActiveCfg = Debug|x64
		{9F22A3E2-CE88-41C3-8117-E9D3901BAA48}.Debug|x64.Build.0 = Debug|x64
		{9F22A3E2-CE88-41C3-8117-E9D3901BAA48}.Debug|x86.ActiveCfg = Debug|x86
		{9F22A3E2-CE88-41C3-8117-E9D3901BAA48}.Debug|x86.Build.0 = Debug|x86
		{9F22A3E2-CE88-41C3-8117-E9D3901BAA48}.net40|Any CPU.ActiveCfg = arm|Any CPU
		{9F22A3E2-CE88-41C3-8117-E9D3901BAA48}.net40|Any CPU.Build.0 = arm|Any CPU
		{9F22A3E2-CE88-41C3-8117-E9D3901BAA48}.net40|ARM.ActiveCfg = arm|ARM
		{9F22A3E2-CE88-41C3-8117-E9D3901BAA48}.net40|ARM.Build.0 = arm|ARM
		{9F22A3E2-CE88-41C3-8117-E9D3901BAA48}.net40|x64.ActiveCfg = arm|x64
		{9F22A3E2-CE88-41C3-8117-E9D3901BAA48}.net40|x64.Build.0 = arm|x64
		{9F22A3E2-CE88-41C3-8117-E9D3901BAA48}.net40|x86.ActiveCfg = arm|x86
		{9F22A3E2-CE88-41C3-8117-E9D3901BAA48}.net40|x86.Build.0 = arm|x86
		{9F22A3E2-CE88-41C3-8117-E9D3901BAA48}.net45|Any CPU.ActiveCfg = arm|Any CPU
		{9F22A3E2-CE88-41C3-8117-E9D3901BAA48}.net45|Any CPU.Build.0 = arm|Any CPU
		{9F22A3E2-CE88-41C3-8117-E9D3901BAA48}.net45|ARM.ActiveCfg = arm|ARM
		{9F22A3E2-CE88-41C3-8117-E9D3901BAA48}.net45|ARM.Build.0 = arm|ARM
		{9F22A3E2-CE88-41C3-8117-E9D3901BAA48}.net45|x64.ActiveCfg = arm|x64
		{9F22A3E2-CE88-41C3-8117-E9D3901BAA48}.net45|x64.Build.0 = arm|x64
		{9F22A3E2-CE88-41C3-8117-E9D3901BAA48}.net45|x86.ActiveCfg = arm|x86
		{9F22A3E2-CE88-41C3-8117-E9D3901BAA48}.net45|x86.Build.0 = arm|x86
		{9F22A3E2-CE88-41C3-8117-E9D3901BAA48}.Release|Any CPU.ActiveCfg = Release|Any CPU
		{9F22A3E2-CE88-41C3-8117-E9D3901BAA48}.Release|Any CPU.Build.0 = Release|Any CPU
		{9F22A3E2-CE88-41C3-8117-E9D3901BAA48}.Release|ARM.ActiveCfg = Release|ARM
		{9F22A3E2-CE88-41C3-8117-E9D3901BAA48}.Release|ARM.Build.0 = Release|ARM
		{9F22A3E2-CE88-41C3-8117-E9D3901BAA48}.Release|x64.ActiveCfg = Release|x64
		{9F22A3E2-CE88-41C3-8117-E9D3901BAA48}.Release|x64.Build.0 = Release|x64
		{9F22A3E2-CE88-41C3-8117-E9D3901BAA48}.Release|x86.ActiveCfg = Release|x86
		{9F22A3E2-CE88-41C3-8117-E9D3901BAA48}.Release|x86.Build.0 = Release|x86
		{F9637741-4358-40D8-8638-2B35AC72FA39}.Debug|Any CPU.ActiveCfg = Debug|x86
		{F9637741-4358-40D8-8638-2B35AC72FA39}.Debug|Any CPU.Build.0 = Debug|x86
		{F9637741-4358-40D8-8638-2B35AC72FA39}.Debug|Any CPU.Deploy.0 = Debug|x86
		{F9637741-4358-40D8-8638-2B35AC72FA39}.Debug|ARM.ActiveCfg = Release|ARM
		{F9637741-4358-40D8-8638-2B35AC72FA39}.Debug|ARM.Build.0 = Release|ARM
		{F9637741-4358-40D8-8638-2B35AC72FA39}.Debug|ARM.Deploy.0 = Release|ARM
		{F9637741-4358-40D8-8638-2B35AC72FA39}.Debug|x64.ActiveCfg = Debug|x64
		{F9637741-4358-40D8-8638-2B35AC72FA39}.Debug|x64.Build.0 = Debug|x64
		{F9637741-4358-40D8-8638-2B35AC72FA39}.Debug|x64.Deploy.0 = Debug|x64
		{F9637741-4358-40D8-8638-2B35AC72FA39}.Debug|x86.ActiveCfg = Debug|x86
		{F9637741-4358-40D8-8638-2B35AC72FA39}.Debug|x86.Build.0 = Debug|x86
		{F9637741-4358-40D8-8638-2B35AC72FA39}.Debug|x86.Deploy.0 = Debug|x86
		{F9637741-4358-40D8-8638-2B35AC72FA39}.net40|Any CPU.ActiveCfg = arm|x64
		{F9637741-4358-40D8-8638-2B35AC72FA39}.net40|Any CPU.Build.0 = arm|x64
		{F9637741-4358-40D8-8638-2B35AC72FA39}.net40|Any CPU.Deploy.0 = arm|x64
		{F9637741-4358-40D8-8638-2B35AC72FA39}.net40|ARM.ActiveCfg = arm|ARM
		{F9637741-4358-40D8-8638-2B35AC72FA39}.net40|ARM.Build.0 = arm|ARM
		{F9637741-4358-40D8-8638-2B35AC72FA39}.net40|ARM.Deploy.0 = arm|ARM
		{F9637741-4358-40D8-8638-2B35AC72FA39}.net40|x64.ActiveCfg = arm|x64
		{F9637741-4358-40D8-8638-2B35AC72FA39}.net40|x64.Build.0 = arm|x64
		{F9637741-4358-40D8-8638-2B35AC72FA39}.net40|x64.Deploy.0 = arm|x64
		{F9637741-4358-40D8-8638-2B35AC72FA39}.net40|x86.ActiveCfg = arm|x86
		{F9637741-4358-40D8-8638-2B35AC72FA39}.net40|x86.Build.0 = arm|x86
		{F9637741-4358-40D8-8638-2B35AC72FA39}.net40|x86.Deploy.0 = arm|x86
		{F9637741-4358-40D8-8638-2B35AC72FA39}.net45|Any CPU.ActiveCfg = arm|x64
		{F9637741-4358-40D8-8638-2B35AC72FA39}.net45|Any CPU.Build.0 = arm|x64
		{F9637741-4358-40D8-8638-2B35AC72FA39}.net45|Any CPU.Deploy.0 = arm|x64
		{F9637741-4358-40D8-8638-2B35AC72FA39}.net45|ARM.ActiveCfg = arm|ARM
		{F9637741-4358-40D8-8638-2B35AC72FA39}.net45|ARM.Build.0 = arm|ARM
		{F9637741-4358-40D8-8638-2B35AC72FA39}.net45|ARM.Deploy.0 = arm|ARM
		{F9637741-4358-40D8-8638-2B35AC72FA39}.net45|x64.ActiveCfg = arm|x64
		{F9637741-4358-40D8-8638-2B35AC72FA39}.net45|x64.Build.0 = arm|x64
		{F9637741-4358-40D8-8638-2B35AC72FA39}.net45|x64.Deploy.0 = arm|x64
		{F9637741-4358-40D8-8638-2B35AC72FA39}.net45|x86.ActiveCfg = arm|x86
		{F9637741-4358-40D8-8638-2B35AC72FA39}.net45|x86.Build.0 = arm|x86
		{F9637741-4358-40D8-8638-2B35AC72FA39}.net45|x86.Deploy.0 = arm|x86
		{F9637741-4358-40D8-8638-2B35AC72FA39}.Release|Any CPU.ActiveCfg = Release|x86
		{F9637741-4358-40D8-8638-2B35AC72FA39}.Release|ARM.ActiveCfg = Release|ARM
		{F9637741-4358-40D8-8638-2B35AC72FA39}.Release|ARM.Build.0 = Release|ARM
		{F9637741-4358-40D8-8638-2B35AC72FA39}.Release|ARM.Deploy.0 = Release|ARM
		{F9637741-4358-40D8-8638-2B35AC72FA39}.Release|x64.ActiveCfg = Release|x64
		{F9637741-4358-40D8-8638-2B35AC72FA39}.Release|x64.Build.0 = Release|x64
		{F9637741-4358-40D8-8638-2B35AC72FA39}.Release|x64.Deploy.0 = Release|x64
		{F9637741-4358-40D8-8638-2B35AC72FA39}.Release|x86.ActiveCfg = Release|x86
		{F9637741-4358-40D8-8638-2B35AC72FA39}.Release|x86.Build.0 = Release|x86
		{F9637741-4358-40D8-8638-2B35AC72FA39}.Release|x86.Deploy.0 = Release|x86
		{F261C3D7-6194-4625-9516-044081B06028}.Debug|Any CPU.ActiveCfg = Debug|Any CPU
		{F261C3D7-6194-4625-9516-044081B06028}.Debug|Any CPU.Build.0 = Debug|Any CPU
		{F261C3D7-6194-4625-9516-044081B06028}.Debug|ARM.ActiveCfg = Debug|Any CPU
		{F261C3D7-6194-4625-9516-044081B06028}.Debug|ARM.Build.0 = Debug|Any CPU
		{F261C3D7-6194-4625-9516-044081B06028}.Debug|x64.ActiveCfg = Debug|Any CPU
		{F261C3D7-6194-4625-9516-044081B06028}.Debug|x64.Build.0 = Debug|Any CPU
		{F261C3D7-6194-4625-9516-044081B06028}.Debug|x86.ActiveCfg = Debug|Any CPU
		{F261C3D7-6194-4625-9516-044081B06028}.Debug|x86.Build.0 = Debug|Any CPU
		{F261C3D7-6194-4625-9516-044081B06028}.net40|Any CPU.ActiveCfg = Release|Any CPU
		{F261C3D7-6194-4625-9516-044081B06028}.net40|Any CPU.Build.0 = Release|Any CPU
		{F261C3D7-6194-4625-9516-044081B06028}.net40|ARM.ActiveCfg = Release|Any CPU
		{F261C3D7-6194-4625-9516-044081B06028}.net40|ARM.Build.0 = Release|Any CPU
		{F261C3D7-6194-4625-9516-044081B06028}.net40|x64.ActiveCfg = Release|Any CPU
		{F261C3D7-6194-4625-9516-044081B06028}.net40|x64.Build.0 = Release|Any CPU
		{F261C3D7-6194-4625-9516-044081B06028}.net40|x86.ActiveCfg = Release|Any CPU
		{F261C3D7-6194-4625-9516-044081B06028}.net40|x86.Build.0 = Release|Any CPU
		{F261C3D7-6194-4625-9516-044081B06028}.net45|Any CPU.ActiveCfg = Release|Any CPU
		{F261C3D7-6194-4625-9516-044081B06028}.net45|Any CPU.Build.0 = Release|Any CPU
		{F261C3D7-6194-4625-9516-044081B06028}.net45|ARM.ActiveCfg = Release|Any CPU
		{F261C3D7-6194-4625-9516-044081B06028}.net45|ARM.Build.0 = Release|Any CPU
		{F261C3D7-6194-4625-9516-044081B06028}.net45|x64.ActiveCfg = Release|Any CPU
		{F261C3D7-6194-4625-9516-044081B06028}.net45|x64.Build.0 = Release|Any CPU
		{F261C3D7-6194-4625-9516-044081B06028}.net45|x86.ActiveCfg = Release|Any CPU
		{F261C3D7-6194-4625-9516-044081B06028}.net45|x86.Build.0 = Release|Any CPU
		{F261C3D7-6194-4625-9516-044081B06028}.Release|Any CPU.ActiveCfg = Release|Any CPU
		{F261C3D7-6194-4625-9516-044081B06028}.Release|Any CPU.Build.0 = Release|Any CPU
		{F261C3D7-6194-4625-9516-044081B06028}.Release|ARM.ActiveCfg = Release|Any CPU
		{F261C3D7-6194-4625-9516-044081B06028}.Release|ARM.Build.0 = Release|Any CPU
		{F261C3D7-6194-4625-9516-044081B06028}.Release|x64.ActiveCfg = Release|Any CPU
		{F261C3D7-6194-4625-9516-044081B06028}.Release|x64.Build.0 = Release|Any CPU
		{F261C3D7-6194-4625-9516-044081B06028}.Release|x86.ActiveCfg = Release|Any CPU
		{F261C3D7-6194-4625-9516-044081B06028}.Release|x86.Build.0 = Release|Any CPU
	EndGlobalSection
	GlobalSection(SolutionProperties) = preSolution
		HideSolutionNode = FALSE
	EndGlobalSection
	GlobalSection(NestedProjects) = preSolution
		{537FF5D4-19FB-415E-B3D2-B83CB93E968B} = {609963C9-8E55-4B42-8B84-721B625BA1E9}
		{CA7BA22C-ECB7-4930-9981-E9B121588401} = {609963C9-8E55-4B42-8B84-721B625BA1E9}
		{F9637741-4358-40D8-8638-2B35AC72FA39} = {609963C9-8E55-4B42-8B84-721B625BA1E9}
	EndGlobalSection
EndGlobal
