
Microsoft Visual Studio Solution File, Format Version 12.00
# Visual Studio 14
VisualStudioVersion = 14.0.24720.0
MinimumVisualStudioVersion = 10.0.40219.1
Project("{FAE04EC0-301F-11D3-BF4B-00C04F79EFBC}") = "LiveChartsCore", "LiveChartsCore\LiveChartsCore.csproj", "{EF235236-364D-4DF8-A222-1E74CA0CBAD9}"
EndProject
Project("{FAE04EC0-301F-11D3-BF4B-00C04F79EFBC}") = "WPFExamples", "WPFExamples\WPFExamples.csproj", "{3BEF47C9-6FE4-4DF1-B796-6787F2C62E6A}"
EndProject
Project("{FAE04EC0-301F-11D3-BF4B-00C04F79EFBC}") = "WinFormsExamples", "WinFormsExamples\WinFormsExamples.csproj", "{276302F1-0617-4AF9-80F6-62A4033518F7}"
EndProject
Project("{FAE04EC0-301F-11D3-BF4B-00C04F79EFBC}") = "LiveChartsOptimizations", "..\LiveChartOptimizations\LiveChartOptimizations\LiveChartsOptimizations.csproj", "{B62BFA1D-2B68-46CF-86B4-5AE85A92C65E}"
EndProject
Global
	GlobalSection(SolutionConfigurationPlatforms) = preSolution
		Debug|Any CPU = Debug|Any CPU
		r40|Any CPU = r40|Any CPU
		r45|Any CPU = r45|Any CPU
		r451|Any CPU = r451|Any CPU
		r452|Any CPU = r452|Any CPU
		r46|Any CPU = r46|Any CPU
		Release|Any CPU = Release|Any CPU
	EndGlobalSection
	GlobalSection(ProjectConfigurationPlatforms) = postSolution
		{EF235236-364D-4DF8-A222-1E74CA0CBAD9}.Debug|Any CPU.ActiveCfg = Debug|Any CPU
		{EF235236-364D-4DF8-A222-1E74CA0CBAD9}.Debug|Any CPU.Build.0 = Debug|Any CPU
		{EF235236-364D-4DF8-A222-1E74CA0CBAD9}.r40|Any CPU.ActiveCfg = r40|Any CPU
		{EF235236-364D-4DF8-A222-1E74CA0CBAD9}.r40|Any CPU.Build.0 = r40|Any CPU
		{EF235236-364D-4DF8-A222-1E74CA0CBAD9}.r45|Any CPU.ActiveCfg = r45|Any CPU
		{EF235236-364D-4DF8-A222-1E74CA0CBAD9}.r45|Any CPU.Build.0 = r45|Any CPU
		{EF235236-364D-4DF8-A222-1E74CA0CBAD9}.r451|Any CPU.ActiveCfg = r451|Any CPU
		{EF235236-364D-4DF8-A222-1E74CA0CBAD9}.r451|Any CPU.Build.0 = r451|Any CPU
		{EF235236-364D-4DF8-A222-1E74CA0CBAD9}.r452|Any CPU.ActiveCfg = r452|Any CPU
		{EF235236-364D-4DF8-A222-1E74CA0CBAD9}.r452|Any CPU.Build.0 = r452|Any CPU
		{EF235236-364D-4DF8-A222-1E74CA0CBAD9}.r46|Any CPU.ActiveCfg = r46|Any CPU
		{EF235236-364D-4DF8-A222-1E74CA0CBAD9}.r46|Any CPU.Build.0 = r46|Any CPU
		{EF235236-364D-4DF8-A222-1E74CA0CBAD9}.Release|Any CPU.ActiveCfg = Release|Any CPU
		{EF235236-364D-4DF8-A222-1E74CA0CBAD9}.Release|Any CPU.Build.0 = Release|Any CPU
		{3BEF47C9-6FE4-4DF1-B796-6787F2C62E6A}.Debug|Any CPU.ActiveCfg = Debug|Any CPU
		{3BEF47C9-6FE4-4DF1-B796-6787F2C62E6A}.Debug|Any CPU.Build.0 = Debug|Any CPU
		{3BEF47C9-6FE4-4DF1-B796-6787F2C62E6A}.r40|Any CPU.ActiveCfg = Release|Any CPU
		{3BEF47C9-6FE4-4DF1-B796-6787F2C62E6A}.r40|Any CPU.Build.0 = Release|Any CPU
		{3BEF47C9-6FE4-4DF1-B796-6787F2C62E6A}.r45|Any CPU.ActiveCfg = Release|Any CPU
		{3BEF47C9-6FE4-4DF1-B796-6787F2C62E6A}.r45|Any CPU.Build.0 = Release|Any CPU
		{3BEF47C9-6FE4-4DF1-B796-6787F2C62E6A}.r451|Any CPU.ActiveCfg = Release|Any CPU
		{3BEF47C9-6FE4-4DF1-B796-6787F2C62E6A}.r451|Any CPU.Build.0 = Release|Any CPU
		{3BEF47C9-6FE4-4DF1-B796-6787F2C62E6A}.r452|Any CPU.ActiveCfg = Release|Any CPU
		{3BEF47C9-6FE4-4DF1-B796-6787F2C62E6A}.r452|Any CPU.Build.0 = Release|Any CPU
		{3BEF47C9-6FE4-4DF1-B796-6787F2C62E6A}.r46|Any CPU.ActiveCfg = Release|Any CPU
		{3BEF47C9-6FE4-4DF1-B796-6787F2C62E6A}.r46|Any CPU.Build.0 = Release|Any CPU
		{3BEF47C9-6FE4-4DF1-B796-6787F2C62E6A}.Release|Any CPU.ActiveCfg = Release|Any CPU
		{3BEF47C9-6FE4-4DF1-B796-6787F2C62E6A}.Release|Any CPU.Build.0 = Release|Any CPU
		{276302F1-0617-4AF9-80F6-62A4033518F7}.Debug|Any CPU.ActiveCfg = Debug|Any CPU
		{276302F1-0617-4AF9-80F6-62A4033518F7}.Debug|Any CPU.Build.0 = Debug|Any CPU
		{276302F1-0617-4AF9-80F6-62A4033518F7}.r40|Any CPU.ActiveCfg = Release|Any CPU
		{276302F1-0617-4AF9-80F6-62A4033518F7}.r40|Any CPU.Build.0 = Release|Any CPU
		{276302F1-0617-4AF9-80F6-62A4033518F7}.r45|Any CPU.ActiveCfg = Release|Any CPU
		{276302F1-0617-4AF9-80F6-62A4033518F7}.r45|Any CPU.Build.0 = Release|Any CPU
		{276302F1-0617-4AF9-80F6-62A4033518F7}.r451|Any CPU.ActiveCfg = Release|Any CPU
		{276302F1-0617-4AF9-80F6-62A4033518F7}.r451|Any CPU.Build.0 = Release|Any CPU
		{276302F1-0617-4AF9-80F6-62A4033518F7}.r452|Any CPU.ActiveCfg = Release|Any CPU
		{276302F1-0617-4AF9-80F6-62A4033518F7}.r452|Any CPU.Build.0 = Release|Any CPU
		{276302F1-0617-4AF9-80F6-62A4033518F7}.r46|Any CPU.ActiveCfg = Release|Any CPU
		{276302F1-0617-4AF9-80F6-62A4033518F7}.r46|Any CPU.Build.0 = Release|Any CPU
		{276302F1-0617-4AF9-80F6-62A4033518F7}.Release|Any CPU.ActiveCfg = Release|Any CPU
		{276302F1-0617-4AF9-80F6-62A4033518F7}.Release|Any CPU.Build.0 = Release|Any CPU
		{B62BFA1D-2B68-46CF-86B4-5AE85A92C65E}.Debug|Any CPU.ActiveCfg = Debug|Any CPU
		{B62BFA1D-2B68-46CF-86B4-5AE85A92C65E}.Debug|Any CPU.Build.0 = Debug|Any CPU
		{B62BFA1D-2B68-46CF-86B4-5AE85A92C65E}.r40|Any CPU.ActiveCfg = r40|Any CPU
		{B62BFA1D-2B68-46CF-86B4-5AE85A92C65E}.r40|Any CPU.Build.0 = r40|Any CPU
		{B62BFA1D-2B68-46CF-86B4-5AE85A92C65E}.r45|Any CPU.ActiveCfg = r45|Any CPU
		{B62BFA1D-2B68-46CF-86B4-5AE85A92C65E}.r45|Any CPU.Build.0 = r45|Any CPU
		{B62BFA1D-2B68-46CF-86B4-5AE85A92C65E}.r451|Any CPU.ActiveCfg = r451|Any CPU
		{B62BFA1D-2B68-46CF-86B4-5AE85A92C65E}.r451|Any CPU.Build.0 = r451|Any CPU
		{B62BFA1D-2B68-46CF-86B4-5AE85A92C65E}.r452|Any CPU.ActiveCfg = r452|Any CPU
		{B62BFA1D-2B68-46CF-86B4-5AE85A92C65E}.r452|Any CPU.Build.0 = r452|Any CPU
		{B62BFA1D-2B68-46CF-86B4-5AE85A92C65E}.r46|Any CPU.ActiveCfg = r46|Any CPU
		{B62BFA1D-2B68-46CF-86B4-5AE85A92C65E}.r46|Any CPU.Build.0 = r46|Any CPU
		{B62BFA1D-2B68-46CF-86B4-5AE85A92C65E}.Release|Any CPU.ActiveCfg = Release|Any CPU
		{B62BFA1D-2B68-46CF-86B4-5AE85A92C65E}.Release|Any CPU.Build.0 = Release|Any CPU
	EndGlobalSection
	GlobalSection(SolutionProperties) = preSolution
		HideSolutionNode = FALSE
	EndGlobalSection
EndGlobal
