
Microsoft Visual Studio Solution File, Format Version 12.00
# Visual Studio 14
VisualStudioVersion = 14.0.25123.0
MinimumVisualStudioVersion = 10.0.40219.1
Project("{FAE04EC0-301F-11D3-BF4B-00C04F79EFBC}") = "LiveChartsCore", "LiveChartsCore\LiveChartsCore.csproj", "{EF235236-364D-4DF8-A222-1E74CA0CBAD9}"
EndProject
Project("{FAE04EC0-301F-11D3-BF4B-00C04F79EFBC}") = "WPFExamples", "WPFExamples\WPFExamples.csproj", "{3BEF47C9-6FE4-4DF1-B796-6787F2C62E6A}"
EndProject
Project("{FAE04EC0-301F-11D3-BF4B-00C04F79EFBC}") = "WinFormsExamples", "WinFormsExamples\WinFormsExamples.csproj", "{276302F1-0617-4AF9-80F6-62A4033518F7}"
EndProject
Project("{FAE04EC0-301F-11D3-BF4B-00C04F79EFBC}") = "UnitTesting", "UnitTesting\UnitTesting.csproj", "{23D912E3-6F46-4193-95E3-44C3063821F3}"
EndProject
Project("{2150E333-8FDC-42A3-9474-1A3956D46DE8}") = "Portable", "Portable", "{D80AE123-146D-48CB-B0AD-A3E8C2EDAB15}"
EndProject
Project("{FAE04EC0-301F-11D3-BF4B-00C04F79EFBC}") = "PortableCore", "PortableCore\PortableCore.csproj", "{D447642C-A85F-4AB0-96D9-C66CFF91AADA}"
EndProject
Project("{FAE04EC0-301F-11D3-BF4B-00C04F79EFBC}") = "LiveChartsDesktop", "Desktop\LiveChartsDesktop.csproj", "{4D253423-AE05-47F6-A59D-9162EC0BB1F2}"
EndProject
Project("{FAE04EC0-301F-11D3-BF4B-00C04F79EFBC}") = "UniversalWindows", "UniversalWindows\UniversalWindows.csproj", "{46A4CF2A-BF26-40F5-B925-5D4DF84D26A0}"
EndProject
Project("{FAE04EC0-301F-11D3-BF4B-00C04F79EFBC}") = "LiveChartsOptimizations", "..\..\..\OneDrive\Documentos\Visual Studio 2015\Projects\LiveChartsOptimizations\LiveChartsOptimizations\LiveChartsOptimizations.csproj", "{91181193-1362-43C7-9D7D-70D103919C47}"
EndProject
Project("{2150E333-8FDC-42A3-9474-1A3956D46DE8}") = "Examples", "Examples", "{8C82CE49-F2CA-43AE-B8AB-3B2D0A146F0F}"
EndProject
Project("{2150E333-8FDC-42A3-9474-1A3956D46DE8}") = "Desktop", "Desktop", "{68B3379D-DCAC-455F-B719-78BDCC7E7105}"
EndProject
Project("{FAE04EC0-301F-11D3-BF4B-00C04F79EFBC}") = "Wpf", "Wpf\Wpf.csproj", "{537FF5D4-19FB-415E-B3D2-B83CB93E968B}"
EndProject
Project("{FAE04EC0-301F-11D3-BF4B-00C04F79EFBC}") = "WinForms", "WinForms\WinForms.csproj", "{C84D2540-0FBD-4832-A40B-9684060C5768}"
EndProject
Global
	GlobalSection(SolutionConfigurationPlatforms) = preSolution
		Debug|Any CPU = Debug|Any CPU
		Debug|ARM = Debug|ARM
		Debug|x64 = Debug|x64
		Debug|x86 = Debug|x86
		r40|Any CPU = r40|Any CPU
		r40|ARM = r40|ARM
		r40|x64 = r40|x64
		r40|x86 = r40|x86
		r45|Any CPU = r45|Any CPU
		r45|ARM = r45|ARM
		r45|x64 = r45|x64
		r45|x86 = r45|x86
		r451|Any CPU = r451|Any CPU
		r451|ARM = r451|ARM
		r451|x64 = r451|x64
		r451|x86 = r451|x86
		r452|Any CPU = r452|Any CPU
		r452|ARM = r452|ARM
		r452|x64 = r452|x64
		r452|x86 = r452|x86
		r46|Any CPU = r46|Any CPU
		r46|ARM = r46|ARM
		r46|x64 = r46|x64
		r46|x86 = r46|x86
		Release|Any CPU = Release|Any CPU
		Release|ARM = Release|ARM
		Release|x64 = Release|x64
		Release|x86 = Release|x86
	EndGlobalSection
	GlobalSection(ProjectConfigurationPlatforms) = postSolution
		{EF235236-364D-4DF8-A222-1E74CA0CBAD9}.Debug|Any CPU.ActiveCfg = Debug|Any CPU
		{EF235236-364D-4DF8-A222-1E74CA0CBAD9}.Debug|Any CPU.Build.0 = Debug|Any CPU
		{EF235236-364D-4DF8-A222-1E74CA0CBAD9}.Debug|ARM.ActiveCfg = Debug|Any CPU
		{EF235236-364D-4DF8-A222-1E74CA0CBAD9}.Debug|ARM.Build.0 = Debug|Any CPU
		{EF235236-364D-4DF8-A222-1E74CA0CBAD9}.Debug|x64.ActiveCfg = Debug|Any CPU
		{EF235236-364D-4DF8-A222-1E74CA0CBAD9}.Debug|x64.Build.0 = Debug|Any CPU
		{EF235236-364D-4DF8-A222-1E74CA0CBAD9}.Debug|x86.ActiveCfg = Debug|Any CPU
		{EF235236-364D-4DF8-A222-1E74CA0CBAD9}.Debug|x86.Build.0 = Debug|Any CPU
		{EF235236-364D-4DF8-A222-1E74CA0CBAD9}.r40|Any CPU.ActiveCfg = r40|Any CPU
		{EF235236-364D-4DF8-A222-1E74CA0CBAD9}.r40|Any CPU.Build.0 = r40|Any CPU
		{EF235236-364D-4DF8-A222-1E74CA0CBAD9}.r40|ARM.ActiveCfg = r40|Any CPU
		{EF235236-364D-4DF8-A222-1E74CA0CBAD9}.r40|ARM.Build.0 = r40|Any CPU
		{EF235236-364D-4DF8-A222-1E74CA0CBAD9}.r40|x64.ActiveCfg = r40|Any CPU
		{EF235236-364D-4DF8-A222-1E74CA0CBAD9}.r40|x64.Build.0 = r40|Any CPU
		{EF235236-364D-4DF8-A222-1E74CA0CBAD9}.r40|x86.ActiveCfg = r40|Any CPU
		{EF235236-364D-4DF8-A222-1E74CA0CBAD9}.r40|x86.Build.0 = r40|Any CPU
		{EF235236-364D-4DF8-A222-1E74CA0CBAD9}.r45|Any CPU.ActiveCfg = r45|Any CPU
		{EF235236-364D-4DF8-A222-1E74CA0CBAD9}.r45|Any CPU.Build.0 = r45|Any CPU
		{EF235236-364D-4DF8-A222-1E74CA0CBAD9}.r45|ARM.ActiveCfg = r45|Any CPU
		{EF235236-364D-4DF8-A222-1E74CA0CBAD9}.r45|ARM.Build.0 = r45|Any CPU
		{EF235236-364D-4DF8-A222-1E74CA0CBAD9}.r45|x64.ActiveCfg = r45|Any CPU
		{EF235236-364D-4DF8-A222-1E74CA0CBAD9}.r45|x64.Build.0 = r45|Any CPU
		{EF235236-364D-4DF8-A222-1E74CA0CBAD9}.r45|x86.ActiveCfg = r45|Any CPU
		{EF235236-364D-4DF8-A222-1E74CA0CBAD9}.r45|x86.Build.0 = r45|Any CPU
		{EF235236-364D-4DF8-A222-1E74CA0CBAD9}.r451|Any CPU.ActiveCfg = r451|Any CPU
		{EF235236-364D-4DF8-A222-1E74CA0CBAD9}.r451|Any CPU.Build.0 = r451|Any CPU
		{EF235236-364D-4DF8-A222-1E74CA0CBAD9}.r451|ARM.ActiveCfg = r451|Any CPU
		{EF235236-364D-4DF8-A222-1E74CA0CBAD9}.r451|ARM.Build.0 = r451|Any CPU
		{EF235236-364D-4DF8-A222-1E74CA0CBAD9}.r451|x64.ActiveCfg = r451|Any CPU
		{EF235236-364D-4DF8-A222-1E74CA0CBAD9}.r451|x64.Build.0 = r451|Any CPU
		{EF235236-364D-4DF8-A222-1E74CA0CBAD9}.r451|x86.ActiveCfg = r451|Any CPU
		{EF235236-364D-4DF8-A222-1E74CA0CBAD9}.r451|x86.Build.0 = r451|Any CPU
		{EF235236-364D-4DF8-A222-1E74CA0CBAD9}.r452|Any CPU.ActiveCfg = r452|Any CPU
		{EF235236-364D-4DF8-A222-1E74CA0CBAD9}.r452|Any CPU.Build.0 = r452|Any CPU
		{EF235236-364D-4DF8-A222-1E74CA0CBAD9}.r452|ARM.ActiveCfg = r452|Any CPU
		{EF235236-364D-4DF8-A222-1E74CA0CBAD9}.r452|ARM.Build.0 = r452|Any CPU
		{EF235236-364D-4DF8-A222-1E74CA0CBAD9}.r452|x64.ActiveCfg = r452|Any CPU
		{EF235236-364D-4DF8-A222-1E74CA0CBAD9}.r452|x64.Build.0 = r452|Any CPU
		{EF235236-364D-4DF8-A222-1E74CA0CBAD9}.r452|x86.ActiveCfg = r452|Any CPU
		{EF235236-364D-4DF8-A222-1E74CA0CBAD9}.r452|x86.Build.0 = r452|Any CPU
		{EF235236-364D-4DF8-A222-1E74CA0CBAD9}.r46|Any CPU.ActiveCfg = r46|Any CPU
		{EF235236-364D-4DF8-A222-1E74CA0CBAD9}.r46|Any CPU.Build.0 = r46|Any CPU
		{EF235236-364D-4DF8-A222-1E74CA0CBAD9}.r46|ARM.ActiveCfg = r46|Any CPU
		{EF235236-364D-4DF8-A222-1E74CA0CBAD9}.r46|ARM.Build.0 = r46|Any CPU
		{EF235236-364D-4DF8-A222-1E74CA0CBAD9}.r46|x64.ActiveCfg = r46|Any CPU
		{EF235236-364D-4DF8-A222-1E74CA0CBAD9}.r46|x64.Build.0 = r46|Any CPU
		{EF235236-364D-4DF8-A222-1E74CA0CBAD9}.r46|x86.ActiveCfg = r46|Any CPU
		{EF235236-364D-4DF8-A222-1E74CA0CBAD9}.r46|x86.Build.0 = r46|Any CPU
		{EF235236-364D-4DF8-A222-1E74CA0CBAD9}.Release|Any CPU.ActiveCfg = Release|Any CPU
		{EF235236-364D-4DF8-A222-1E74CA0CBAD9}.Release|Any CPU.Build.0 = Release|Any CPU
		{EF235236-364D-4DF8-A222-1E74CA0CBAD9}.Release|ARM.ActiveCfg = Release|Any CPU
		{EF235236-364D-4DF8-A222-1E74CA0CBAD9}.Release|ARM.Build.0 = Release|Any CPU
		{EF235236-364D-4DF8-A222-1E74CA0CBAD9}.Release|x64.ActiveCfg = Release|Any CPU
		{EF235236-364D-4DF8-A222-1E74CA0CBAD9}.Release|x64.Build.0 = Release|Any CPU
		{EF235236-364D-4DF8-A222-1E74CA0CBAD9}.Release|x86.ActiveCfg = Release|Any CPU
		{EF235236-364D-4DF8-A222-1E74CA0CBAD9}.Release|x86.Build.0 = Release|Any CPU
		{3BEF47C9-6FE4-4DF1-B796-6787F2C62E6A}.Debug|Any CPU.ActiveCfg = Debug|Any CPU
		{3BEF47C9-6FE4-4DF1-B796-6787F2C62E6A}.Debug|Any CPU.Build.0 = Debug|Any CPU
		{3BEF47C9-6FE4-4DF1-B796-6787F2C62E6A}.Debug|ARM.ActiveCfg = Debug|Any CPU
		{3BEF47C9-6FE4-4DF1-B796-6787F2C62E6A}.Debug|ARM.Build.0 = Debug|Any CPU
		{3BEF47C9-6FE4-4DF1-B796-6787F2C62E6A}.Debug|x64.ActiveCfg = Debug|Any CPU
		{3BEF47C9-6FE4-4DF1-B796-6787F2C62E6A}.Debug|x64.Build.0 = Debug|Any CPU
		{3BEF47C9-6FE4-4DF1-B796-6787F2C62E6A}.Debug|x86.ActiveCfg = Debug|Any CPU
		{3BEF47C9-6FE4-4DF1-B796-6787F2C62E6A}.Debug|x86.Build.0 = Debug|Any CPU
		{3BEF47C9-6FE4-4DF1-B796-6787F2C62E6A}.r40|Any CPU.ActiveCfg = Release|Any CPU
		{3BEF47C9-6FE4-4DF1-B796-6787F2C62E6A}.r40|Any CPU.Build.0 = Release|Any CPU
		{3BEF47C9-6FE4-4DF1-B796-6787F2C62E6A}.r40|ARM.ActiveCfg = Release|Any CPU
		{3BEF47C9-6FE4-4DF1-B796-6787F2C62E6A}.r40|ARM.Build.0 = Release|Any CPU
		{3BEF47C9-6FE4-4DF1-B796-6787F2C62E6A}.r40|x64.ActiveCfg = Release|Any CPU
		{3BEF47C9-6FE4-4DF1-B796-6787F2C62E6A}.r40|x64.Build.0 = Release|Any CPU
		{3BEF47C9-6FE4-4DF1-B796-6787F2C62E6A}.r40|x86.ActiveCfg = Release|Any CPU
		{3BEF47C9-6FE4-4DF1-B796-6787F2C62E6A}.r40|x86.Build.0 = Release|Any CPU
		{3BEF47C9-6FE4-4DF1-B796-6787F2C62E6A}.r45|Any CPU.ActiveCfg = Release|Any CPU
		{3BEF47C9-6FE4-4DF1-B796-6787F2C62E6A}.r45|Any CPU.Build.0 = Release|Any CPU
		{3BEF47C9-6FE4-4DF1-B796-6787F2C62E6A}.r45|ARM.ActiveCfg = Release|Any CPU
		{3BEF47C9-6FE4-4DF1-B796-6787F2C62E6A}.r45|ARM.Build.0 = Release|Any CPU
		{3BEF47C9-6FE4-4DF1-B796-6787F2C62E6A}.r45|x64.ActiveCfg = Release|Any CPU
		{3BEF47C9-6FE4-4DF1-B796-6787F2C62E6A}.r45|x64.Build.0 = Release|Any CPU
		{3BEF47C9-6FE4-4DF1-B796-6787F2C62E6A}.r45|x86.ActiveCfg = Release|Any CPU
		{3BEF47C9-6FE4-4DF1-B796-6787F2C62E6A}.r45|x86.Build.0 = Release|Any CPU
		{3BEF47C9-6FE4-4DF1-B796-6787F2C62E6A}.r451|Any CPU.ActiveCfg = Release|Any CPU
		{3BEF47C9-6FE4-4DF1-B796-6787F2C62E6A}.r451|Any CPU.Build.0 = Release|Any CPU
		{3BEF47C9-6FE4-4DF1-B796-6787F2C62E6A}.r451|ARM.ActiveCfg = Release|Any CPU
		{3BEF47C9-6FE4-4DF1-B796-6787F2C62E6A}.r451|ARM.Build.0 = Release|Any CPU
		{3BEF47C9-6FE4-4DF1-B796-6787F2C62E6A}.r451|x64.ActiveCfg = Release|Any CPU
		{3BEF47C9-6FE4-4DF1-B796-6787F2C62E6A}.r451|x64.Build.0 = Release|Any CPU
		{3BEF47C9-6FE4-4DF1-B796-6787F2C62E6A}.r451|x86.ActiveCfg = Release|Any CPU
		{3BEF47C9-6FE4-4DF1-B796-6787F2C62E6A}.r451|x86.Build.0 = Release|Any CPU
		{3BEF47C9-6FE4-4DF1-B796-6787F2C62E6A}.r452|Any CPU.ActiveCfg = Release|Any CPU
		{3BEF47C9-6FE4-4DF1-B796-6787F2C62E6A}.r452|Any CPU.Build.0 = Release|Any CPU
		{3BEF47C9-6FE4-4DF1-B796-6787F2C62E6A}.r452|ARM.ActiveCfg = Release|Any CPU
		{3BEF47C9-6FE4-4DF1-B796-6787F2C62E6A}.r452|ARM.Build.0 = Release|Any CPU
		{3BEF47C9-6FE4-4DF1-B796-6787F2C62E6A}.r452|x64.ActiveCfg = Release|Any CPU
		{3BEF47C9-6FE4-4DF1-B796-6787F2C62E6A}.r452|x64.Build.0 = Release|Any CPU
		{3BEF47C9-6FE4-4DF1-B796-6787F2C62E6A}.r452|x86.ActiveCfg = Release|Any CPU
		{3BEF47C9-6FE4-4DF1-B796-6787F2C62E6A}.r452|x86.Build.0 = Release|Any CPU
		{3BEF47C9-6FE4-4DF1-B796-6787F2C62E6A}.r46|Any CPU.ActiveCfg = Release|Any CPU
		{3BEF47C9-6FE4-4DF1-B796-6787F2C62E6A}.r46|Any CPU.Build.0 = Release|Any CPU
		{3BEF47C9-6FE4-4DF1-B796-6787F2C62E6A}.r46|ARM.ActiveCfg = Release|Any CPU
		{3BEF47C9-6FE4-4DF1-B796-6787F2C62E6A}.r46|ARM.Build.0 = Release|Any CPU
		{3BEF47C9-6FE4-4DF1-B796-6787F2C62E6A}.r46|x64.ActiveCfg = Release|Any CPU
		{3BEF47C9-6FE4-4DF1-B796-6787F2C62E6A}.r46|x64.Build.0 = Release|Any CPU
		{3BEF47C9-6FE4-4DF1-B796-6787F2C62E6A}.r46|x86.ActiveCfg = Release|Any CPU
		{3BEF47C9-6FE4-4DF1-B796-6787F2C62E6A}.r46|x86.Build.0 = Release|Any CPU
		{3BEF47C9-6FE4-4DF1-B796-6787F2C62E6A}.Release|Any CPU.ActiveCfg = Release|Any CPU
		{3BEF47C9-6FE4-4DF1-B796-6787F2C62E6A}.Release|Any CPU.Build.0 = Release|Any CPU
		{3BEF47C9-6FE4-4DF1-B796-6787F2C62E6A}.Release|ARM.ActiveCfg = Release|Any CPU
		{3BEF47C9-6FE4-4DF1-B796-6787F2C62E6A}.Release|ARM.Build.0 = Release|Any CPU
		{3BEF47C9-6FE4-4DF1-B796-6787F2C62E6A}.Release|x64.ActiveCfg = Release|Any CPU
		{3BEF47C9-6FE4-4DF1-B796-6787F2C62E6A}.Release|x64.Build.0 = Release|Any CPU
		{3BEF47C9-6FE4-4DF1-B796-6787F2C62E6A}.Release|x86.ActiveCfg = Release|Any CPU
		{3BEF47C9-6FE4-4DF1-B796-6787F2C62E6A}.Release|x86.Build.0 = Release|Any CPU
		{276302F1-0617-4AF9-80F6-62A4033518F7}.Debug|Any CPU.ActiveCfg = Debug|Any CPU
		{276302F1-0617-4AF9-80F6-62A4033518F7}.Debug|Any CPU.Build.0 = Debug|Any CPU
		{276302F1-0617-4AF9-80F6-62A4033518F7}.Debug|ARM.ActiveCfg = Debug|Any CPU
		{276302F1-0617-4AF9-80F6-62A4033518F7}.Debug|ARM.Build.0 = Debug|Any CPU
		{276302F1-0617-4AF9-80F6-62A4033518F7}.Debug|x64.ActiveCfg = Debug|Any CPU
		{276302F1-0617-4AF9-80F6-62A4033518F7}.Debug|x64.Build.0 = Debug|Any CPU
		{276302F1-0617-4AF9-80F6-62A4033518F7}.Debug|x86.ActiveCfg = Debug|Any CPU
		{276302F1-0617-4AF9-80F6-62A4033518F7}.Debug|x86.Build.0 = Debug|Any CPU
		{276302F1-0617-4AF9-80F6-62A4033518F7}.r40|Any CPU.ActiveCfg = Release|Any CPU
		{276302F1-0617-4AF9-80F6-62A4033518F7}.r40|Any CPU.Build.0 = Release|Any CPU
		{276302F1-0617-4AF9-80F6-62A4033518F7}.r40|ARM.ActiveCfg = Release|Any CPU
		{276302F1-0617-4AF9-80F6-62A4033518F7}.r40|ARM.Build.0 = Release|Any CPU
		{276302F1-0617-4AF9-80F6-62A4033518F7}.r40|x64.ActiveCfg = Release|Any CPU
		{276302F1-0617-4AF9-80F6-62A4033518F7}.r40|x64.Build.0 = Release|Any CPU
		{276302F1-0617-4AF9-80F6-62A4033518F7}.r40|x86.ActiveCfg = Release|Any CPU
		{276302F1-0617-4AF9-80F6-62A4033518F7}.r40|x86.Build.0 = Release|Any CPU
		{276302F1-0617-4AF9-80F6-62A4033518F7}.r45|Any CPU.ActiveCfg = Release|Any CPU
		{276302F1-0617-4AF9-80F6-62A4033518F7}.r45|Any CPU.Build.0 = Release|Any CPU
		{276302F1-0617-4AF9-80F6-62A4033518F7}.r45|ARM.ActiveCfg = Release|Any CPU
		{276302F1-0617-4AF9-80F6-62A4033518F7}.r45|ARM.Build.0 = Release|Any CPU
		{276302F1-0617-4AF9-80F6-62A4033518F7}.r45|x64.ActiveCfg = Release|Any CPU
		{276302F1-0617-4AF9-80F6-62A4033518F7}.r45|x64.Build.0 = Release|Any CPU
		{276302F1-0617-4AF9-80F6-62A4033518F7}.r45|x86.ActiveCfg = Release|Any CPU
		{276302F1-0617-4AF9-80F6-62A4033518F7}.r45|x86.Build.0 = Release|Any CPU
		{276302F1-0617-4AF9-80F6-62A4033518F7}.r451|Any CPU.ActiveCfg = Release|Any CPU
		{276302F1-0617-4AF9-80F6-62A4033518F7}.r451|Any CPU.Build.0 = Release|Any CPU
		{276302F1-0617-4AF9-80F6-62A4033518F7}.r451|ARM.ActiveCfg = Release|Any CPU
		{276302F1-0617-4AF9-80F6-62A4033518F7}.r451|ARM.Build.0 = Release|Any CPU
		{276302F1-0617-4AF9-80F6-62A4033518F7}.r451|x64.ActiveCfg = Release|Any CPU
		{276302F1-0617-4AF9-80F6-62A4033518F7}.r451|x64.Build.0 = Release|Any CPU
		{276302F1-0617-4AF9-80F6-62A4033518F7}.r451|x86.ActiveCfg = Release|Any CPU
		{276302F1-0617-4AF9-80F6-62A4033518F7}.r451|x86.Build.0 = Release|Any CPU
		{276302F1-0617-4AF9-80F6-62A4033518F7}.r452|Any CPU.ActiveCfg = Release|Any CPU
		{276302F1-0617-4AF9-80F6-62A4033518F7}.r452|Any CPU.Build.0 = Release|Any CPU
		{276302F1-0617-4AF9-80F6-62A4033518F7}.r452|ARM.ActiveCfg = Release|Any CPU
		{276302F1-0617-4AF9-80F6-62A4033518F7}.r452|ARM.Build.0 = Release|Any CPU
		{276302F1-0617-4AF9-80F6-62A4033518F7}.r452|x64.ActiveCfg = Release|Any CPU
		{276302F1-0617-4AF9-80F6-62A4033518F7}.r452|x64.Build.0 = Release|Any CPU
		{276302F1-0617-4AF9-80F6-62A4033518F7}.r452|x86.ActiveCfg = Release|Any CPU
		{276302F1-0617-4AF9-80F6-62A4033518F7}.r452|x86.Build.0 = Release|Any CPU
		{276302F1-0617-4AF9-80F6-62A4033518F7}.r46|Any CPU.ActiveCfg = Release|Any CPU
		{276302F1-0617-4AF9-80F6-62A4033518F7}.r46|Any CPU.Build.0 = Release|Any CPU
		{276302F1-0617-4AF9-80F6-62A4033518F7}.r46|ARM.ActiveCfg = Release|Any CPU
		{276302F1-0617-4AF9-80F6-62A4033518F7}.r46|ARM.Build.0 = Release|Any CPU
		{276302F1-0617-4AF9-80F6-62A4033518F7}.r46|x64.ActiveCfg = Release|Any CPU
		{276302F1-0617-4AF9-80F6-62A4033518F7}.r46|x64.Build.0 = Release|Any CPU
		{276302F1-0617-4AF9-80F6-62A4033518F7}.r46|x86.ActiveCfg = Release|Any CPU
		{276302F1-0617-4AF9-80F6-62A4033518F7}.r46|x86.Build.0 = Release|Any CPU
		{276302F1-0617-4AF9-80F6-62A4033518F7}.Release|Any CPU.ActiveCfg = Release|Any CPU
		{276302F1-0617-4AF9-80F6-62A4033518F7}.Release|Any CPU.Build.0 = Release|Any CPU
		{276302F1-0617-4AF9-80F6-62A4033518F7}.Release|ARM.ActiveCfg = Release|Any CPU
		{276302F1-0617-4AF9-80F6-62A4033518F7}.Release|ARM.Build.0 = Release|Any CPU
		{276302F1-0617-4AF9-80F6-62A4033518F7}.Release|x64.ActiveCfg = Release|Any CPU
		{276302F1-0617-4AF9-80F6-62A4033518F7}.Release|x64.Build.0 = Release|Any CPU
		{276302F1-0617-4AF9-80F6-62A4033518F7}.Release|x86.ActiveCfg = Release|Any CPU
		{276302F1-0617-4AF9-80F6-62A4033518F7}.Release|x86.Build.0 = Release|Any CPU
		{23D912E3-6F46-4193-95E3-44C3063821F3}.Debug|Any CPU.ActiveCfg = Debug|Any CPU
		{23D912E3-6F46-4193-95E3-44C3063821F3}.Debug|Any CPU.Build.0 = Debug|Any CPU
		{23D912E3-6F46-4193-95E3-44C3063821F3}.Debug|ARM.ActiveCfg = Debug|Any CPU
		{23D912E3-6F46-4193-95E3-44C3063821F3}.Debug|ARM.Build.0 = Debug|Any CPU
		{23D912E3-6F46-4193-95E3-44C3063821F3}.Debug|x64.ActiveCfg = Debug|Any CPU
		{23D912E3-6F46-4193-95E3-44C3063821F3}.Debug|x64.Build.0 = Debug|Any CPU
		{23D912E3-6F46-4193-95E3-44C3063821F3}.Debug|x86.ActiveCfg = Debug|Any CPU
		{23D912E3-6F46-4193-95E3-44C3063821F3}.Debug|x86.Build.0 = Debug|Any CPU
		{23D912E3-6F46-4193-95E3-44C3063821F3}.r40|Any CPU.ActiveCfg = Release|Any CPU
		{23D912E3-6F46-4193-95E3-44C3063821F3}.r40|Any CPU.Build.0 = Release|Any CPU
		{23D912E3-6F46-4193-95E3-44C3063821F3}.r40|ARM.ActiveCfg = Release|Any CPU
		{23D912E3-6F46-4193-95E3-44C3063821F3}.r40|ARM.Build.0 = Release|Any CPU
		{23D912E3-6F46-4193-95E3-44C3063821F3}.r40|x64.ActiveCfg = Release|Any CPU
		{23D912E3-6F46-4193-95E3-44C3063821F3}.r40|x64.Build.0 = Release|Any CPU
		{23D912E3-6F46-4193-95E3-44C3063821F3}.r40|x86.ActiveCfg = Release|Any CPU
		{23D912E3-6F46-4193-95E3-44C3063821F3}.r40|x86.Build.0 = Release|Any CPU
		{23D912E3-6F46-4193-95E3-44C3063821F3}.r45|Any CPU.ActiveCfg = Release|Any CPU
		{23D912E3-6F46-4193-95E3-44C3063821F3}.r45|Any CPU.Build.0 = Release|Any CPU
		{23D912E3-6F46-4193-95E3-44C3063821F3}.r45|ARM.ActiveCfg = Release|Any CPU
		{23D912E3-6F46-4193-95E3-44C3063821F3}.r45|ARM.Build.0 = Release|Any CPU
		{23D912E3-6F46-4193-95E3-44C3063821F3}.r45|x64.ActiveCfg = Release|Any CPU
		{23D912E3-6F46-4193-95E3-44C3063821F3}.r45|x64.Build.0 = Release|Any CPU
		{23D912E3-6F46-4193-95E3-44C3063821F3}.r45|x86.ActiveCfg = Release|Any CPU
		{23D912E3-6F46-4193-95E3-44C3063821F3}.r45|x86.Build.0 = Release|Any CPU
		{23D912E3-6F46-4193-95E3-44C3063821F3}.r451|Any CPU.ActiveCfg = Release|Any CPU
		{23D912E3-6F46-4193-95E3-44C3063821F3}.r451|Any CPU.Build.0 = Release|Any CPU
		{23D912E3-6F46-4193-95E3-44C3063821F3}.r451|ARM.ActiveCfg = Release|Any CPU
		{23D912E3-6F46-4193-95E3-44C3063821F3}.r451|ARM.Build.0 = Release|Any CPU
		{23D912E3-6F46-4193-95E3-44C3063821F3}.r451|x64.ActiveCfg = Release|Any CPU
		{23D912E3-6F46-4193-95E3-44C3063821F3}.r451|x64.Build.0 = Release|Any CPU
		{23D912E3-6F46-4193-95E3-44C3063821F3}.r451|x86.ActiveCfg = Release|Any CPU
		{23D912E3-6F46-4193-95E3-44C3063821F3}.r451|x86.Build.0 = Release|Any CPU
		{23D912E3-6F46-4193-95E3-44C3063821F3}.r452|Any CPU.ActiveCfg = Release|Any CPU
		{23D912E3-6F46-4193-95E3-44C3063821F3}.r452|Any CPU.Build.0 = Release|Any CPU
		{23D912E3-6F46-4193-95E3-44C3063821F3}.r452|ARM.ActiveCfg = Release|Any CPU
		{23D912E3-6F46-4193-95E3-44C3063821F3}.r452|ARM.Build.0 = Release|Any CPU
		{23D912E3-6F46-4193-95E3-44C3063821F3}.r452|x64.ActiveCfg = Release|Any CPU
		{23D912E3-6F46-4193-95E3-44C3063821F3}.r452|x64.Build.0 = Release|Any CPU
		{23D912E3-6F46-4193-95E3-44C3063821F3}.r452|x86.ActiveCfg = Release|Any CPU
		{23D912E3-6F46-4193-95E3-44C3063821F3}.r452|x86.Build.0 = Release|Any CPU
		{23D912E3-6F46-4193-95E3-44C3063821F3}.r46|Any CPU.ActiveCfg = Release|Any CPU
		{23D912E3-6F46-4193-95E3-44C3063821F3}.r46|Any CPU.Build.0 = Release|Any CPU
		{23D912E3-6F46-4193-95E3-44C3063821F3}.r46|ARM.ActiveCfg = Release|Any CPU
		{23D912E3-6F46-4193-95E3-44C3063821F3}.r46|ARM.Build.0 = Release|Any CPU
		{23D912E3-6F46-4193-95E3-44C3063821F3}.r46|x64.ActiveCfg = Release|Any CPU
		{23D912E3-6F46-4193-95E3-44C3063821F3}.r46|x64.Build.0 = Release|Any CPU
		{23D912E3-6F46-4193-95E3-44C3063821F3}.r46|x86.ActiveCfg = Release|Any CPU
		{23D912E3-6F46-4193-95E3-44C3063821F3}.r46|x86.Build.0 = Release|Any CPU
		{23D912E3-6F46-4193-95E3-44C3063821F3}.Release|Any CPU.ActiveCfg = Release|Any CPU
		{23D912E3-6F46-4193-95E3-44C3063821F3}.Release|Any CPU.Build.0 = Release|Any CPU
		{23D912E3-6F46-4193-95E3-44C3063821F3}.Release|ARM.ActiveCfg = Release|Any CPU
		{23D912E3-6F46-4193-95E3-44C3063821F3}.Release|ARM.Build.0 = Release|Any CPU
		{23D912E3-6F46-4193-95E3-44C3063821F3}.Release|x64.ActiveCfg = Release|Any CPU
		{23D912E3-6F46-4193-95E3-44C3063821F3}.Release|x64.Build.0 = Release|Any CPU
		{23D912E3-6F46-4193-95E3-44C3063821F3}.Release|x86.ActiveCfg = Release|Any CPU
		{23D912E3-6F46-4193-95E3-44C3063821F3}.Release|x86.Build.0 = Release|Any CPU
		{D447642C-A85F-4AB0-96D9-C66CFF91AADA}.Debug|Any CPU.ActiveCfg = Debug|Any CPU
		{D447642C-A85F-4AB0-96D9-C66CFF91AADA}.Debug|Any CPU.Build.0 = Debug|Any CPU
		{D447642C-A85F-4AB0-96D9-C66CFF91AADA}.Debug|ARM.ActiveCfg = Debug|Any CPU
		{D447642C-A85F-4AB0-96D9-C66CFF91AADA}.Debug|ARM.Build.0 = Debug|Any CPU
		{D447642C-A85F-4AB0-96D9-C66CFF91AADA}.Debug|x64.ActiveCfg = Debug|Any CPU
		{D447642C-A85F-4AB0-96D9-C66CFF91AADA}.Debug|x64.Build.0 = Debug|Any CPU
		{D447642C-A85F-4AB0-96D9-C66CFF91AADA}.Debug|x86.ActiveCfg = Debug|Any CPU
		{D447642C-A85F-4AB0-96D9-C66CFF91AADA}.Debug|x86.Build.0 = Debug|Any CPU
		{D447642C-A85F-4AB0-96D9-C66CFF91AADA}.r40|Any CPU.ActiveCfg = Release|Any CPU
		{D447642C-A85F-4AB0-96D9-C66CFF91AADA}.r40|Any CPU.Build.0 = Release|Any CPU
		{D447642C-A85F-4AB0-96D9-C66CFF91AADA}.r40|ARM.ActiveCfg = Release|Any CPU
		{D447642C-A85F-4AB0-96D9-C66CFF91AADA}.r40|ARM.Build.0 = Release|Any CPU
		{D447642C-A85F-4AB0-96D9-C66CFF91AADA}.r40|x64.ActiveCfg = Release|Any CPU
		{D447642C-A85F-4AB0-96D9-C66CFF91AADA}.r40|x64.Build.0 = Release|Any CPU
		{D447642C-A85F-4AB0-96D9-C66CFF91AADA}.r40|x86.ActiveCfg = Release|Any CPU
		{D447642C-A85F-4AB0-96D9-C66CFF91AADA}.r40|x86.Build.0 = Release|Any CPU
		{D447642C-A85F-4AB0-96D9-C66CFF91AADA}.r45|Any CPU.ActiveCfg = Release|Any CPU
		{D447642C-A85F-4AB0-96D9-C66CFF91AADA}.r45|Any CPU.Build.0 = Release|Any CPU
		{D447642C-A85F-4AB0-96D9-C66CFF91AADA}.r45|ARM.ActiveCfg = Release|Any CPU
		{D447642C-A85F-4AB0-96D9-C66CFF91AADA}.r45|ARM.Build.0 = Release|Any CPU
		{D447642C-A85F-4AB0-96D9-C66CFF91AADA}.r45|x64.ActiveCfg = Release|Any CPU
		{D447642C-A85F-4AB0-96D9-C66CFF91AADA}.r45|x64.Build.0 = Release|Any CPU
		{D447642C-A85F-4AB0-96D9-C66CFF91AADA}.r45|x86.ActiveCfg = Release|Any CPU
		{D447642C-A85F-4AB0-96D9-C66CFF91AADA}.r45|x86.Build.0 = Release|Any CPU
		{D447642C-A85F-4AB0-96D9-C66CFF91AADA}.r451|Any CPU.ActiveCfg = Release|Any CPU
		{D447642C-A85F-4AB0-96D9-C66CFF91AADA}.r451|Any CPU.Build.0 = Release|Any CPU
		{D447642C-A85F-4AB0-96D9-C66CFF91AADA}.r451|ARM.ActiveCfg = Release|Any CPU
		{D447642C-A85F-4AB0-96D9-C66CFF91AADA}.r451|ARM.Build.0 = Release|Any CPU
		{D447642C-A85F-4AB0-96D9-C66CFF91AADA}.r451|x64.ActiveCfg = Release|Any CPU
		{D447642C-A85F-4AB0-96D9-C66CFF91AADA}.r451|x64.Build.0 = Release|Any CPU
		{D447642C-A85F-4AB0-96D9-C66CFF91AADA}.r451|x86.ActiveCfg = Release|Any CPU
		{D447642C-A85F-4AB0-96D9-C66CFF91AADA}.r451|x86.Build.0 = Release|Any CPU
		{D447642C-A85F-4AB0-96D9-C66CFF91AADA}.r452|Any CPU.ActiveCfg = Release|Any CPU
		{D447642C-A85F-4AB0-96D9-C66CFF91AADA}.r452|Any CPU.Build.0 = Release|Any CPU
		{D447642C-A85F-4AB0-96D9-C66CFF91AADA}.r452|ARM.ActiveCfg = Release|Any CPU
		{D447642C-A85F-4AB0-96D9-C66CFF91AADA}.r452|ARM.Build.0 = Release|Any CPU
		{D447642C-A85F-4AB0-96D9-C66CFF91AADA}.r452|x64.ActiveCfg = Release|Any CPU
		{D447642C-A85F-4AB0-96D9-C66CFF91AADA}.r452|x64.Build.0 = Release|Any CPU
		{D447642C-A85F-4AB0-96D9-C66CFF91AADA}.r452|x86.ActiveCfg = Release|Any CPU
		{D447642C-A85F-4AB0-96D9-C66CFF91AADA}.r452|x86.Build.0 = Release|Any CPU
		{D447642C-A85F-4AB0-96D9-C66CFF91AADA}.r46|Any CPU.ActiveCfg = Release|Any CPU
		{D447642C-A85F-4AB0-96D9-C66CFF91AADA}.r46|Any CPU.Build.0 = Release|Any CPU
		{D447642C-A85F-4AB0-96D9-C66CFF91AADA}.r46|ARM.ActiveCfg = Release|Any CPU
		{D447642C-A85F-4AB0-96D9-C66CFF91AADA}.r46|ARM.Build.0 = Release|Any CPU
		{D447642C-A85F-4AB0-96D9-C66CFF91AADA}.r46|x64.ActiveCfg = Release|Any CPU
		{D447642C-A85F-4AB0-96D9-C66CFF91AADA}.r46|x64.Build.0 = Release|Any CPU
		{D447642C-A85F-4AB0-96D9-C66CFF91AADA}.r46|x86.ActiveCfg = Release|Any CPU
		{D447642C-A85F-4AB0-96D9-C66CFF91AADA}.r46|x86.Build.0 = Release|Any CPU
		{D447642C-A85F-4AB0-96D9-C66CFF91AADA}.Release|Any CPU.ActiveCfg = Release|Any CPU
		{D447642C-A85F-4AB0-96D9-C66CFF91AADA}.Release|Any CPU.Build.0 = Release|Any CPU
		{D447642C-A85F-4AB0-96D9-C66CFF91AADA}.Release|ARM.ActiveCfg = Release|Any CPU
		{D447642C-A85F-4AB0-96D9-C66CFF91AADA}.Release|ARM.Build.0 = Release|Any CPU
		{D447642C-A85F-4AB0-96D9-C66CFF91AADA}.Release|x64.ActiveCfg = Release|Any CPU
		{D447642C-A85F-4AB0-96D9-C66CFF91AADA}.Release|x64.Build.0 = Release|Any CPU
		{D447642C-A85F-4AB0-96D9-C66CFF91AADA}.Release|x86.ActiveCfg = Release|Any CPU
		{D447642C-A85F-4AB0-96D9-C66CFF91AADA}.Release|x86.Build.0 = Release|Any CPU
		{4D253423-AE05-47F6-A59D-9162EC0BB1F2}.Debug|Any CPU.ActiveCfg = Debug|Any CPU
		{4D253423-AE05-47F6-A59D-9162EC0BB1F2}.Debug|Any CPU.Build.0 = Debug|Any CPU
		{4D253423-AE05-47F6-A59D-9162EC0BB1F2}.Debug|ARM.ActiveCfg = Debug|Any CPU
		{4D253423-AE05-47F6-A59D-9162EC0BB1F2}.Debug|ARM.Build.0 = Debug|Any CPU
		{4D253423-AE05-47F6-A59D-9162EC0BB1F2}.Debug|x64.ActiveCfg = Debug|Any CPU
		{4D253423-AE05-47F6-A59D-9162EC0BB1F2}.Debug|x64.Build.0 = Debug|Any CPU
		{4D253423-AE05-47F6-A59D-9162EC0BB1F2}.Debug|x86.ActiveCfg = Debug|Any CPU
		{4D253423-AE05-47F6-A59D-9162EC0BB1F2}.Debug|x86.Build.0 = Debug|Any CPU
		{4D253423-AE05-47F6-A59D-9162EC0BB1F2}.r40|Any CPU.ActiveCfg = Release|Any CPU
		{4D253423-AE05-47F6-A59D-9162EC0BB1F2}.r40|Any CPU.Build.0 = Release|Any CPU
		{4D253423-AE05-47F6-A59D-9162EC0BB1F2}.r40|ARM.ActiveCfg = Release|Any CPU
		{4D253423-AE05-47F6-A59D-9162EC0BB1F2}.r40|ARM.Build.0 = Release|Any CPU
		{4D253423-AE05-47F6-A59D-9162EC0BB1F2}.r40|x64.ActiveCfg = Release|Any CPU
		{4D253423-AE05-47F6-A59D-9162EC0BB1F2}.r40|x64.Build.0 = Release|Any CPU
		{4D253423-AE05-47F6-A59D-9162EC0BB1F2}.r40|x86.ActiveCfg = Release|Any CPU
		{4D253423-AE05-47F6-A59D-9162EC0BB1F2}.r40|x86.Build.0 = Release|Any CPU
		{4D253423-AE05-47F6-A59D-9162EC0BB1F2}.r45|Any CPU.ActiveCfg = Release|Any CPU
		{4D253423-AE05-47F6-A59D-9162EC0BB1F2}.r45|Any CPU.Build.0 = Release|Any CPU
		{4D253423-AE05-47F6-A59D-9162EC0BB1F2}.r45|ARM.ActiveCfg = Release|Any CPU
		{4D253423-AE05-47F6-A59D-9162EC0BB1F2}.r45|ARM.Build.0 = Release|Any CPU
		{4D253423-AE05-47F6-A59D-9162EC0BB1F2}.r45|x64.ActiveCfg = Release|Any CPU
		{4D253423-AE05-47F6-A59D-9162EC0BB1F2}.r45|x64.Build.0 = Release|Any CPU
		{4D253423-AE05-47F6-A59D-9162EC0BB1F2}.r45|x86.ActiveCfg = Release|Any CPU
		{4D253423-AE05-47F6-A59D-9162EC0BB1F2}.r45|x86.Build.0 = Release|Any CPU
		{4D253423-AE05-47F6-A59D-9162EC0BB1F2}.r451|Any CPU.ActiveCfg = Release|Any CPU
		{4D253423-AE05-47F6-A59D-9162EC0BB1F2}.r451|Any CPU.Build.0 = Release|Any CPU
		{4D253423-AE05-47F6-A59D-9162EC0BB1F2}.r451|ARM.ActiveCfg = Release|Any CPU
		{4D253423-AE05-47F6-A59D-9162EC0BB1F2}.r451|ARM.Build.0 = Release|Any CPU
		{4D253423-AE05-47F6-A59D-9162EC0BB1F2}.r451|x64.ActiveCfg = Release|Any CPU
		{4D253423-AE05-47F6-A59D-9162EC0BB1F2}.r451|x64.Build.0 = Release|Any CPU
		{4D253423-AE05-47F6-A59D-9162EC0BB1F2}.r451|x86.ActiveCfg = Release|Any CPU
		{4D253423-AE05-47F6-A59D-9162EC0BB1F2}.r451|x86.Build.0 = Release|Any CPU
		{4D253423-AE05-47F6-A59D-9162EC0BB1F2}.r452|Any CPU.ActiveCfg = Release|Any CPU
		{4D253423-AE05-47F6-A59D-9162EC0BB1F2}.r452|Any CPU.Build.0 = Release|Any CPU
		{4D253423-AE05-47F6-A59D-9162EC0BB1F2}.r452|ARM.ActiveCfg = Release|Any CPU
		{4D253423-AE05-47F6-A59D-9162EC0BB1F2}.r452|ARM.Build.0 = Release|Any CPU
		{4D253423-AE05-47F6-A59D-9162EC0BB1F2}.r452|x64.ActiveCfg = Release|Any CPU
		{4D253423-AE05-47F6-A59D-9162EC0BB1F2}.r452|x64.Build.0 = Release|Any CPU
		{4D253423-AE05-47F6-A59D-9162EC0BB1F2}.r452|x86.ActiveCfg = Release|Any CPU
		{4D253423-AE05-47F6-A59D-9162EC0BB1F2}.r452|x86.Build.0 = Release|Any CPU
		{4D253423-AE05-47F6-A59D-9162EC0BB1F2}.r46|Any CPU.ActiveCfg = Release|Any CPU
		{4D253423-AE05-47F6-A59D-9162EC0BB1F2}.r46|Any CPU.Build.0 = Release|Any CPU
		{4D253423-AE05-47F6-A59D-9162EC0BB1F2}.r46|ARM.ActiveCfg = Release|Any CPU
		{4D253423-AE05-47F6-A59D-9162EC0BB1F2}.r46|ARM.Build.0 = Release|Any CPU
		{4D253423-AE05-47F6-A59D-9162EC0BB1F2}.r46|x64.ActiveCfg = Release|Any CPU
		{4D253423-AE05-47F6-A59D-9162EC0BB1F2}.r46|x64.Build.0 = Release|Any CPU
		{4D253423-AE05-47F6-A59D-9162EC0BB1F2}.r46|x86.ActiveCfg = Release|Any CPU
		{4D253423-AE05-47F6-A59D-9162EC0BB1F2}.r46|x86.Build.0 = Release|Any CPU
		{4D253423-AE05-47F6-A59D-9162EC0BB1F2}.Release|Any CPU.ActiveCfg = Release|Any CPU
		{4D253423-AE05-47F6-A59D-9162EC0BB1F2}.Release|Any CPU.Build.0 = Release|Any CPU
		{4D253423-AE05-47F6-A59D-9162EC0BB1F2}.Release|ARM.ActiveCfg = Release|Any CPU
		{4D253423-AE05-47F6-A59D-9162EC0BB1F2}.Release|ARM.Build.0 = Release|Any CPU
		{4D253423-AE05-47F6-A59D-9162EC0BB1F2}.Release|x64.ActiveCfg = Release|Any CPU
		{4D253423-AE05-47F6-A59D-9162EC0BB1F2}.Release|x64.Build.0 = Release|Any CPU
		{4D253423-AE05-47F6-A59D-9162EC0BB1F2}.Release|x86.ActiveCfg = Release|Any CPU
		{4D253423-AE05-47F6-A59D-9162EC0BB1F2}.Release|x86.Build.0 = Release|Any CPU
		{46A4CF2A-BF26-40F5-B925-5D4DF84D26A0}.Debug|Any CPU.ActiveCfg = Debug|Any CPU
		{46A4CF2A-BF26-40F5-B925-5D4DF84D26A0}.Debug|Any CPU.Build.0 = Debug|Any CPU
		{46A4CF2A-BF26-40F5-B925-5D4DF84D26A0}.Debug|ARM.ActiveCfg = Debug|ARM
		{46A4CF2A-BF26-40F5-B925-5D4DF84D26A0}.Debug|ARM.Build.0 = Debug|ARM
		{46A4CF2A-BF26-40F5-B925-5D4DF84D26A0}.Debug|x64.ActiveCfg = Debug|x64
		{46A4CF2A-BF26-40F5-B925-5D4DF84D26A0}.Debug|x64.Build.0 = Debug|x64
		{46A4CF2A-BF26-40F5-B925-5D4DF84D26A0}.Debug|x86.ActiveCfg = Debug|x86
		{46A4CF2A-BF26-40F5-B925-5D4DF84D26A0}.Debug|x86.Build.0 = Debug|x86
		{46A4CF2A-BF26-40F5-B925-5D4DF84D26A0}.r40|Any CPU.ActiveCfg = Release|Any CPU
		{46A4CF2A-BF26-40F5-B925-5D4DF84D26A0}.r40|Any CPU.Build.0 = Release|Any CPU
		{46A4CF2A-BF26-40F5-B925-5D4DF84D26A0}.r40|ARM.ActiveCfg = Release|ARM
		{46A4CF2A-BF26-40F5-B925-5D4DF84D26A0}.r40|ARM.Build.0 = Release|ARM
		{46A4CF2A-BF26-40F5-B925-5D4DF84D26A0}.r40|x64.ActiveCfg = Release|x64
		{46A4CF2A-BF26-40F5-B925-5D4DF84D26A0}.r40|x64.Build.0 = Release|x64
		{46A4CF2A-BF26-40F5-B925-5D4DF84D26A0}.r40|x86.ActiveCfg = Release|x86
		{46A4CF2A-BF26-40F5-B925-5D4DF84D26A0}.r40|x86.Build.0 = Release|x86
		{46A4CF2A-BF26-40F5-B925-5D4DF84D26A0}.r45|Any CPU.ActiveCfg = Release|Any CPU
		{46A4CF2A-BF26-40F5-B925-5D4DF84D26A0}.r45|Any CPU.Build.0 = Release|Any CPU
		{46A4CF2A-BF26-40F5-B925-5D4DF84D26A0}.r45|ARM.ActiveCfg = Release|ARM
		{46A4CF2A-BF26-40F5-B925-5D4DF84D26A0}.r45|ARM.Build.0 = Release|ARM
		{46A4CF2A-BF26-40F5-B925-5D4DF84D26A0}.r45|x64.ActiveCfg = Release|x64
		{46A4CF2A-BF26-40F5-B925-5D4DF84D26A0}.r45|x64.Build.0 = Release|x64
		{46A4CF2A-BF26-40F5-B925-5D4DF84D26A0}.r45|x86.ActiveCfg = Release|x86
		{46A4CF2A-BF26-40F5-B925-5D4DF84D26A0}.r45|x86.Build.0 = Release|x86
		{46A4CF2A-BF26-40F5-B925-5D4DF84D26A0}.r451|Any CPU.ActiveCfg = Release|Any CPU
		{46A4CF2A-BF26-40F5-B925-5D4DF84D26A0}.r451|Any CPU.Build.0 = Release|Any CPU
		{46A4CF2A-BF26-40F5-B925-5D4DF84D26A0}.r451|ARM.ActiveCfg = Release|ARM
		{46A4CF2A-BF26-40F5-B925-5D4DF84D26A0}.r451|ARM.Build.0 = Release|ARM
		{46A4CF2A-BF26-40F5-B925-5D4DF84D26A0}.r451|x64.ActiveCfg = Release|x64
		{46A4CF2A-BF26-40F5-B925-5D4DF84D26A0}.r451|x64.Build.0 = Release|x64
		{46A4CF2A-BF26-40F5-B925-5D4DF84D26A0}.r451|x86.ActiveCfg = Release|x86
		{46A4CF2A-BF26-40F5-B925-5D4DF84D26A0}.r451|x86.Build.0 = Release|x86
		{46A4CF2A-BF26-40F5-B925-5D4DF84D26A0}.r452|Any CPU.ActiveCfg = Release|Any CPU
		{46A4CF2A-BF26-40F5-B925-5D4DF84D26A0}.r452|Any CPU.Build.0 = Release|Any CPU
		{46A4CF2A-BF26-40F5-B925-5D4DF84D26A0}.r452|ARM.ActiveCfg = Release|ARM
		{46A4CF2A-BF26-40F5-B925-5D4DF84D26A0}.r452|ARM.Build.0 = Release|ARM
		{46A4CF2A-BF26-40F5-B925-5D4DF84D26A0}.r452|x64.ActiveCfg = Release|x64
		{46A4CF2A-BF26-40F5-B925-5D4DF84D26A0}.r452|x64.Build.0 = Release|x64
		{46A4CF2A-BF26-40F5-B925-5D4DF84D26A0}.r452|x86.ActiveCfg = Release|x86
		{46A4CF2A-BF26-40F5-B925-5D4DF84D26A0}.r452|x86.Build.0 = Release|x86
		{46A4CF2A-BF26-40F5-B925-5D4DF84D26A0}.r46|Any CPU.ActiveCfg = Release|Any CPU
		{46A4CF2A-BF26-40F5-B925-5D4DF84D26A0}.r46|Any CPU.Build.0 = Release|Any CPU
		{46A4CF2A-BF26-40F5-B925-5D4DF84D26A0}.r46|ARM.ActiveCfg = Release|ARM
		{46A4CF2A-BF26-40F5-B925-5D4DF84D26A0}.r46|ARM.Build.0 = Release|ARM
		{46A4CF2A-BF26-40F5-B925-5D4DF84D26A0}.r46|x64.ActiveCfg = Release|x64
		{46A4CF2A-BF26-40F5-B925-5D4DF84D26A0}.r46|x64.Build.0 = Release|x64
		{46A4CF2A-BF26-40F5-B925-5D4DF84D26A0}.r46|x86.ActiveCfg = Release|x86
		{46A4CF2A-BF26-40F5-B925-5D4DF84D26A0}.r46|x86.Build.0 = Release|x86
		{46A4CF2A-BF26-40F5-B925-5D4DF84D26A0}.Release|Any CPU.ActiveCfg = Release|Any CPU
		{46A4CF2A-BF26-40F5-B925-5D4DF84D26A0}.Release|Any CPU.Build.0 = Release|Any CPU
		{46A4CF2A-BF26-40F5-B925-5D4DF84D26A0}.Release|ARM.ActiveCfg = Release|ARM
		{46A4CF2A-BF26-40F5-B925-5D4DF84D26A0}.Release|ARM.Build.0 = Release|ARM
		{46A4CF2A-BF26-40F5-B925-5D4DF84D26A0}.Release|x64.ActiveCfg = Release|x64
		{46A4CF2A-BF26-40F5-B925-5D4DF84D26A0}.Release|x64.Build.0 = Release|x64
		{46A4CF2A-BF26-40F5-B925-5D4DF84D26A0}.Release|x86.ActiveCfg = Release|x86
		{46A4CF2A-BF26-40F5-B925-5D4DF84D26A0}.Release|x86.Build.0 = Release|x86
		{91181193-1362-43C7-9D7D-70D103919C47}.Debug|Any CPU.ActiveCfg = Debug|Any CPU
		{91181193-1362-43C7-9D7D-70D103919C47}.Debug|Any CPU.Build.0 = Debug|Any CPU
		{91181193-1362-43C7-9D7D-70D103919C47}.Debug|ARM.ActiveCfg = Debug|Any CPU
		{91181193-1362-43C7-9D7D-70D103919C47}.Debug|ARM.Build.0 = Debug|Any CPU
		{91181193-1362-43C7-9D7D-70D103919C47}.Debug|x64.ActiveCfg = Debug|Any CPU
		{91181193-1362-43C7-9D7D-70D103919C47}.Debug|x64.Build.0 = Debug|Any CPU
		{91181193-1362-43C7-9D7D-70D103919C47}.Debug|x86.ActiveCfg = Debug|Any CPU
		{91181193-1362-43C7-9D7D-70D103919C47}.Debug|x86.Build.0 = Debug|Any CPU
		{91181193-1362-43C7-9D7D-70D103919C47}.r40|Any CPU.ActiveCfg = Release|Any CPU
		{91181193-1362-43C7-9D7D-70D103919C47}.r40|Any CPU.Build.0 = Release|Any CPU
		{91181193-1362-43C7-9D7D-70D103919C47}.r40|ARM.ActiveCfg = Release|Any CPU
		{91181193-1362-43C7-9D7D-70D103919C47}.r40|ARM.Build.0 = Release|Any CPU
		{91181193-1362-43C7-9D7D-70D103919C47}.r40|x64.ActiveCfg = Release|Any CPU
		{91181193-1362-43C7-9D7D-70D103919C47}.r40|x64.Build.0 = Release|Any CPU
		{91181193-1362-43C7-9D7D-70D103919C47}.r40|x86.ActiveCfg = Release|Any CPU
		{91181193-1362-43C7-9D7D-70D103919C47}.r40|x86.Build.0 = Release|Any CPU
		{91181193-1362-43C7-9D7D-70D103919C47}.r45|Any CPU.ActiveCfg = Release|Any CPU
		{91181193-1362-43C7-9D7D-70D103919C47}.r45|Any CPU.Build.0 = Release|Any CPU
		{91181193-1362-43C7-9D7D-70D103919C47}.r45|ARM.ActiveCfg = Release|Any CPU
		{91181193-1362-43C7-9D7D-70D103919C47}.r45|ARM.Build.0 = Release|Any CPU
		{91181193-1362-43C7-9D7D-70D103919C47}.r45|x64.ActiveCfg = Release|Any CPU
		{91181193-1362-43C7-9D7D-70D103919C47}.r45|x64.Build.0 = Release|Any CPU
		{91181193-1362-43C7-9D7D-70D103919C47}.r45|x86.ActiveCfg = Release|Any CPU
		{91181193-1362-43C7-9D7D-70D103919C47}.r45|x86.Build.0 = Release|Any CPU
		{91181193-1362-43C7-9D7D-70D103919C47}.r451|Any CPU.ActiveCfg = Release|Any CPU
		{91181193-1362-43C7-9D7D-70D103919C47}.r451|Any CPU.Build.0 = Release|Any CPU
		{91181193-1362-43C7-9D7D-70D103919C47}.r451|ARM.ActiveCfg = Release|Any CPU
		{91181193-1362-43C7-9D7D-70D103919C47}.r451|ARM.Build.0 = Release|Any CPU
		{91181193-1362-43C7-9D7D-70D103919C47}.r451|x64.ActiveCfg = Release|Any CPU
		{91181193-1362-43C7-9D7D-70D103919C47}.r451|x64.Build.0 = Release|Any CPU
		{91181193-1362-43C7-9D7D-70D103919C47}.r451|x86.ActiveCfg = Release|Any CPU
		{91181193-1362-43C7-9D7D-70D103919C47}.r451|x86.Build.0 = Release|Any CPU
		{91181193-1362-43C7-9D7D-70D103919C47}.r452|Any CPU.ActiveCfg = Release|Any CPU
		{91181193-1362-43C7-9D7D-70D103919C47}.r452|Any CPU.Build.0 = Release|Any CPU
		{91181193-1362-43C7-9D7D-70D103919C47}.r452|ARM.ActiveCfg = Release|Any CPU
		{91181193-1362-43C7-9D7D-70D103919C47}.r452|ARM.Build.0 = Release|Any CPU
		{91181193-1362-43C7-9D7D-70D103919C47}.r452|x64.ActiveCfg = Release|Any CPU
		{91181193-1362-43C7-9D7D-70D103919C47}.r452|x64.Build.0 = Release|Any CPU
		{91181193-1362-43C7-9D7D-70D103919C47}.r452|x86.ActiveCfg = Release|Any CPU
		{91181193-1362-43C7-9D7D-70D103919C47}.r452|x86.Build.0 = Release|Any CPU
		{91181193-1362-43C7-9D7D-70D103919C47}.r46|Any CPU.ActiveCfg = Release|Any CPU
		{91181193-1362-43C7-9D7D-70D103919C47}.r46|Any CPU.Build.0 = Release|Any CPU
		{91181193-1362-43C7-9D7D-70D103919C47}.r46|ARM.ActiveCfg = Release|Any CPU
		{91181193-1362-43C7-9D7D-70D103919C47}.r46|ARM.Build.0 = Release|Any CPU
		{91181193-1362-43C7-9D7D-70D103919C47}.r46|x64.ActiveCfg = Release|Any CPU
		{91181193-1362-43C7-9D7D-70D103919C47}.r46|x64.Build.0 = Release|Any CPU
		{91181193-1362-43C7-9D7D-70D103919C47}.r46|x86.ActiveCfg = Release|Any CPU
		{91181193-1362-43C7-9D7D-70D103919C47}.r46|x86.Build.0 = Release|Any CPU
		{91181193-1362-43C7-9D7D-70D103919C47}.Release|Any CPU.ActiveCfg = Release|Any CPU
		{91181193-1362-43C7-9D7D-70D103919C47}.Release|Any CPU.Build.0 = Release|Any CPU
		{91181193-1362-43C7-9D7D-70D103919C47}.Release|ARM.ActiveCfg = Release|Any CPU
		{91181193-1362-43C7-9D7D-70D103919C47}.Release|ARM.Build.0 = Release|Any CPU
		{91181193-1362-43C7-9D7D-70D103919C47}.Release|x64.ActiveCfg = Release|Any CPU
		{91181193-1362-43C7-9D7D-70D103919C47}.Release|x64.Build.0 = Release|Any CPU
		{91181193-1362-43C7-9D7D-70D103919C47}.Release|x86.ActiveCfg = Release|Any CPU
		{91181193-1362-43C7-9D7D-70D103919C47}.Release|x86.Build.0 = Release|Any CPU
		{537FF5D4-19FB-415E-B3D2-B83CB93E968B}.Debug|Any CPU.ActiveCfg = Debug|Any CPU
		{537FF5D4-19FB-415E-B3D2-B83CB93E968B}.Debug|Any CPU.Build.0 = Debug|Any CPU
		{537FF5D4-19FB-415E-B3D2-B83CB93E968B}.Debug|ARM.ActiveCfg = Debug|Any CPU
		{537FF5D4-19FB-415E-B3D2-B83CB93E968B}.Debug|ARM.Build.0 = Debug|Any CPU
		{537FF5D4-19FB-415E-B3D2-B83CB93E968B}.Debug|x64.ActiveCfg = Debug|Any CPU
		{537FF5D4-19FB-415E-B3D2-B83CB93E968B}.Debug|x64.Build.0 = Debug|Any CPU
		{537FF5D4-19FB-415E-B3D2-B83CB93E968B}.Debug|x86.ActiveCfg = Debug|Any CPU
		{537FF5D4-19FB-415E-B3D2-B83CB93E968B}.Debug|x86.Build.0 = Debug|Any CPU
		{537FF5D4-19FB-415E-B3D2-B83CB93E968B}.r40|Any CPU.ActiveCfg = Release|Any CPU
		{537FF5D4-19FB-415E-B3D2-B83CB93E968B}.r40|Any CPU.Build.0 = Release|Any CPU
		{537FF5D4-19FB-415E-B3D2-B83CB93E968B}.r40|ARM.ActiveCfg = Release|Any CPU
		{537FF5D4-19FB-415E-B3D2-B83CB93E968B}.r40|ARM.Build.0 = Release|Any CPU
		{537FF5D4-19FB-415E-B3D2-B83CB93E968B}.r40|x64.ActiveCfg = Release|Any CPU
		{537FF5D4-19FB-415E-B3D2-B83CB93E968B}.r40|x64.Build.0 = Release|Any CPU
		{537FF5D4-19FB-415E-B3D2-B83CB93E968B}.r40|x86.ActiveCfg = Release|Any CPU
		{537FF5D4-19FB-415E-B3D2-B83CB93E968B}.r40|x86.Build.0 = Release|Any CPU
		{537FF5D4-19FB-415E-B3D2-B83CB93E968B}.r45|Any CPU.ActiveCfg = Release|Any CPU
		{537FF5D4-19FB-415E-B3D2-B83CB93E968B}.r45|Any CPU.Build.0 = Release|Any CPU
		{537FF5D4-19FB-415E-B3D2-B83CB93E968B}.r45|ARM.ActiveCfg = Release|Any CPU
		{537FF5D4-19FB-415E-B3D2-B83CB93E968B}.r45|ARM.Build.0 = Release|Any CPU
		{537FF5D4-19FB-415E-B3D2-B83CB93E968B}.r45|x64.ActiveCfg = Release|Any CPU
		{537FF5D4-19FB-415E-B3D2-B83CB93E968B}.r45|x64.Build.0 = Release|Any CPU
		{537FF5D4-19FB-415E-B3D2-B83CB93E968B}.r45|x86.ActiveCfg = Release|Any CPU
		{537FF5D4-19FB-415E-B3D2-B83CB93E968B}.r45|x86.Build.0 = Release|Any CPU
		{537FF5D4-19FB-415E-B3D2-B83CB93E968B}.r451|Any CPU.ActiveCfg = Release|Any CPU
		{537FF5D4-19FB-415E-B3D2-B83CB93E968B}.r451|Any CPU.Build.0 = Release|Any CPU
		{537FF5D4-19FB-415E-B3D2-B83CB93E968B}.r451|ARM.ActiveCfg = Release|Any CPU
		{537FF5D4-19FB-415E-B3D2-B83CB93E968B}.r451|ARM.Build.0 = Release|Any CPU
		{537FF5D4-19FB-415E-B3D2-B83CB93E968B}.r451|x64.ActiveCfg = Release|Any CPU
		{537FF5D4-19FB-415E-B3D2-B83CB93E968B}.r451|x64.Build.0 = Release|Any CPU
		{537FF5D4-19FB-415E-B3D2-B83CB93E968B}.r451|x86.ActiveCfg = Release|Any CPU
		{537FF5D4-19FB-415E-B3D2-B83CB93E968B}.r451|x86.Build.0 = Release|Any CPU
		{537FF5D4-19FB-415E-B3D2-B83CB93E968B}.r452|Any CPU.ActiveCfg = Release|Any CPU
		{537FF5D4-19FB-415E-B3D2-B83CB93E968B}.r452|Any CPU.Build.0 = Release|Any CPU
		{537FF5D4-19FB-415E-B3D2-B83CB93E968B}.r452|ARM.ActiveCfg = Release|Any CPU
		{537FF5D4-19FB-415E-B3D2-B83CB93E968B}.r452|ARM.Build.0 = Release|Any CPU
		{537FF5D4-19FB-415E-B3D2-B83CB93E968B}.r452|x64.ActiveCfg = Release|Any CPU
		{537FF5D4-19FB-415E-B3D2-B83CB93E968B}.r452|x64.Build.0 = Release|Any CPU
		{537FF5D4-19FB-415E-B3D2-B83CB93E968B}.r452|x86.ActiveCfg = Release|Any CPU
		{537FF5D4-19FB-415E-B3D2-B83CB93E968B}.r452|x86.Build.0 = Release|Any CPU
		{537FF5D4-19FB-415E-B3D2-B83CB93E968B}.r46|Any CPU.ActiveCfg = Release|Any CPU
		{537FF5D4-19FB-415E-B3D2-B83CB93E968B}.r46|Any CPU.Build.0 = Release|Any CPU
		{537FF5D4-19FB-415E-B3D2-B83CB93E968B}.r46|ARM.ActiveCfg = Release|Any CPU
		{537FF5D4-19FB-415E-B3D2-B83CB93E968B}.r46|ARM.Build.0 = Release|Any CPU
		{537FF5D4-19FB-415E-B3D2-B83CB93E968B}.r46|x64.ActiveCfg = Release|Any CPU
		{537FF5D4-19FB-415E-B3D2-B83CB93E968B}.r46|x64.Build.0 = Release|Any CPU
		{537FF5D4-19FB-415E-B3D2-B83CB93E968B}.r46|x86.ActiveCfg = Release|Any CPU
		{537FF5D4-19FB-415E-B3D2-B83CB93E968B}.r46|x86.Build.0 = Release|Any CPU
		{537FF5D4-19FB-415E-B3D2-B83CB93E968B}.Release|Any CPU.ActiveCfg = Release|Any CPU
		{537FF5D4-19FB-415E-B3D2-B83CB93E968B}.Release|Any CPU.Build.0 = Release|Any CPU
		{537FF5D4-19FB-415E-B3D2-B83CB93E968B}.Release|ARM.ActiveCfg = Release|Any CPU
		{537FF5D4-19FB-415E-B3D2-B83CB93E968B}.Release|ARM.Build.0 = Release|Any CPU
		{537FF5D4-19FB-415E-B3D2-B83CB93E968B}.Release|x64.ActiveCfg = Release|Any CPU
		{537FF5D4-19FB-415E-B3D2-B83CB93E968B}.Release|x64.Build.0 = Release|Any CPU
		{537FF5D4-19FB-415E-B3D2-B83CB93E968B}.Release|x86.ActiveCfg = Release|Any CPU
		{537FF5D4-19FB-415E-B3D2-B83CB93E968B}.Release|x86.Build.0 = Release|Any CPU
		{C84D2540-0FBD-4832-A40B-9684060C5768}.Debug|Any CPU.ActiveCfg = Debug|Any CPU
		{C84D2540-0FBD-4832-A40B-9684060C5768}.Debug|Any CPU.Build.0 = Debug|Any CPU
		{C84D2540-0FBD-4832-A40B-9684060C5768}.Debug|ARM.ActiveCfg = Debug|Any CPU
		{C84D2540-0FBD-4832-A40B-9684060C5768}.Debug|ARM.Build.0 = Debug|Any CPU
		{C84D2540-0FBD-4832-A40B-9684060C5768}.Debug|x64.ActiveCfg = Debug|Any CPU
		{C84D2540-0FBD-4832-A40B-9684060C5768}.Debug|x64.Build.0 = Debug|Any CPU
		{C84D2540-0FBD-4832-A40B-9684060C5768}.Debug|x86.ActiveCfg = Debug|Any CPU
		{C84D2540-0FBD-4832-A40B-9684060C5768}.Debug|x86.Build.0 = Debug|Any CPU
		{C84D2540-0FBD-4832-A40B-9684060C5768}.r40|Any CPU.ActiveCfg = Release|Any CPU
		{C84D2540-0FBD-4832-A40B-9684060C5768}.r40|Any CPU.Build.0 = Release|Any CPU
		{C84D2540-0FBD-4832-A40B-9684060C5768}.r40|ARM.ActiveCfg = Release|Any CPU
		{C84D2540-0FBD-4832-A40B-9684060C5768}.r40|ARM.Build.0 = Release|Any CPU
		{C84D2540-0FBD-4832-A40B-9684060C5768}.r40|x64.ActiveCfg = Release|Any CPU
		{C84D2540-0FBD-4832-A40B-9684060C5768}.r40|x64.Build.0 = Release|Any CPU
		{C84D2540-0FBD-4832-A40B-9684060C5768}.r40|x86.ActiveCfg = Release|Any CPU
		{C84D2540-0FBD-4832-A40B-9684060C5768}.r40|x86.Build.0 = Release|Any CPU
		{C84D2540-0FBD-4832-A40B-9684060C5768}.r45|Any CPU.ActiveCfg = Release|Any CPU
		{C84D2540-0FBD-4832-A40B-9684060C5768}.r45|Any CPU.Build.0 = Release|Any CPU
		{C84D2540-0FBD-4832-A40B-9684060C5768}.r45|ARM.ActiveCfg = Release|Any CPU
		{C84D2540-0FBD-4832-A40B-9684060C5768}.r45|ARM.Build.0 = Release|Any CPU
		{C84D2540-0FBD-4832-A40B-9684060C5768}.r45|x64.ActiveCfg = Release|Any CPU
		{C84D2540-0FBD-4832-A40B-9684060C5768}.r45|x64.Build.0 = Release|Any CPU
		{C84D2540-0FBD-4832-A40B-9684060C5768}.r45|x86.ActiveCfg = Release|Any CPU
		{C84D2540-0FBD-4832-A40B-9684060C5768}.r45|x86.Build.0 = Release|Any CPU
		{C84D2540-0FBD-4832-A40B-9684060C5768}.r451|Any CPU.ActiveCfg = Release|Any CPU
		{C84D2540-0FBD-4832-A40B-9684060C5768}.r451|Any CPU.Build.0 = Release|Any CPU
		{C84D2540-0FBD-4832-A40B-9684060C5768}.r451|ARM.ActiveCfg = Release|Any CPU
		{C84D2540-0FBD-4832-A40B-9684060C5768}.r451|ARM.Build.0 = Release|Any CPU
		{C84D2540-0FBD-4832-A40B-9684060C5768}.r451|x64.ActiveCfg = Release|Any CPU
		{C84D2540-0FBD-4832-A40B-9684060C5768}.r451|x64.Build.0 = Release|Any CPU
		{C84D2540-0FBD-4832-A40B-9684060C5768}.r451|x86.ActiveCfg = Release|Any CPU
		{C84D2540-0FBD-4832-A40B-9684060C5768}.r451|x86.Build.0 = Release|Any CPU
		{C84D2540-0FBD-4832-A40B-9684060C5768}.r452|Any CPU.ActiveCfg = Release|Any CPU
		{C84D2540-0FBD-4832-A40B-9684060C5768}.r452|Any CPU.Build.0 = Release|Any CPU
		{C84D2540-0FBD-4832-A40B-9684060C5768}.r452|ARM.ActiveCfg = Release|Any CPU
		{C84D2540-0FBD-4832-A40B-9684060C5768}.r452|ARM.Build.0 = Release|Any CPU
		{C84D2540-0FBD-4832-A40B-9684060C5768}.r452|x64.ActiveCfg = Release|Any CPU
		{C84D2540-0FBD-4832-A40B-9684060C5768}.r452|x64.Build.0 = Release|Any CPU
		{C84D2540-0FBD-4832-A40B-9684060C5768}.r452|x86.ActiveCfg = Release|Any CPU
		{C84D2540-0FBD-4832-A40B-9684060C5768}.r452|x86.Build.0 = Release|Any CPU
		{C84D2540-0FBD-4832-A40B-9684060C5768}.r46|Any CPU.ActiveCfg = Release|Any CPU
		{C84D2540-0FBD-4832-A40B-9684060C5768}.r46|Any CPU.Build.0 = Release|Any CPU
		{C84D2540-0FBD-4832-A40B-9684060C5768}.r46|ARM.ActiveCfg = Release|Any CPU
		{C84D2540-0FBD-4832-A40B-9684060C5768}.r46|ARM.Build.0 = Release|Any CPU
		{C84D2540-0FBD-4832-A40B-9684060C5768}.r46|x64.ActiveCfg = Release|Any CPU
		{C84D2540-0FBD-4832-A40B-9684060C5768}.r46|x64.Build.0 = Release|Any CPU
		{C84D2540-0FBD-4832-A40B-9684060C5768}.r46|x86.ActiveCfg = Release|Any CPU
		{C84D2540-0FBD-4832-A40B-9684060C5768}.r46|x86.Build.0 = Release|Any CPU
		{C84D2540-0FBD-4832-A40B-9684060C5768}.Release|Any CPU.ActiveCfg = Release|Any CPU
		{C84D2540-0FBD-4832-A40B-9684060C5768}.Release|Any CPU.Build.0 = Release|Any CPU
		{C84D2540-0FBD-4832-A40B-9684060C5768}.Release|ARM.ActiveCfg = Release|Any CPU
		{C84D2540-0FBD-4832-A40B-9684060C5768}.Release|ARM.Build.0 = Release|Any CPU
		{C84D2540-0FBD-4832-A40B-9684060C5768}.Release|x64.ActiveCfg = Release|Any CPU
		{C84D2540-0FBD-4832-A40B-9684060C5768}.Release|x64.Build.0 = Release|Any CPU
		{C84D2540-0FBD-4832-A40B-9684060C5768}.Release|x86.ActiveCfg = Release|Any CPU
		{C84D2540-0FBD-4832-A40B-9684060C5768}.Release|x86.Build.0 = Release|Any CPU
	EndGlobalSection
	GlobalSection(SolutionProperties) = preSolution
		HideSolutionNode = FALSE
	EndGlobalSection
	GlobalSection(NestedProjects) = preSolution
		{D447642C-A85F-4AB0-96D9-C66CFF91AADA} = {D80AE123-146D-48CB-B0AD-A3E8C2EDAB15}
		{4D253423-AE05-47F6-A59D-9162EC0BB1F2} = {D80AE123-146D-48CB-B0AD-A3E8C2EDAB15}
		{46A4CF2A-BF26-40F5-B925-5D4DF84D26A0} = {D80AE123-146D-48CB-B0AD-A3E8C2EDAB15}
		{91181193-1362-43C7-9D7D-70D103919C47} = {D80AE123-146D-48CB-B0AD-A3E8C2EDAB15}
		{8C82CE49-F2CA-43AE-B8AB-3B2D0A146F0F} = {D80AE123-146D-48CB-B0AD-A3E8C2EDAB15}
		{68B3379D-DCAC-455F-B719-78BDCC7E7105} = {8C82CE49-F2CA-43AE-B8AB-3B2D0A146F0F}
		{537FF5D4-19FB-415E-B3D2-B83CB93E968B} = {68B3379D-DCAC-455F-B719-78BDCC7E7105}
		{C84D2540-0FBD-4832-A40B-9684060C5768} = {68B3379D-DCAC-455F-B719-78BDCC7E7105}
	EndGlobalSection
EndGlobal
