
Microsoft Visual Studio Solution File, Format Version 12.00
# Visual Studio 14
VisualStudioVersion = 14.0.24720.0
MinimumVisualStudioVersion = 10.0.40219.1
Project("{FAE04EC0-301F-11D3-BF4B-00C04F79EFBC}") = "LiveCharts", "LiveCharts.csproj", "{EF235236-364D-4DF8-A222-1E74CA0CBAD9}"
EndProject
Global
	GlobalSection(SolutionConfigurationPlatforms) = preSolution
		Debug|Any CPU = Debug|Any CPU
		r40|Any CPU = r40|Any CPU
		r45|Any CPU = r45|Any CPU
		r451|Any CPU = r451|Any CPU
		r452|Any CPU = r452|Any CPU
		r46|Any CPU = r46|Any CPU
		Release|Any CPU = Release|Any CPU
	EndGlobalSection
	GlobalSection(ProjectConfigurationPlatforms) = postSolution
		{EF235236-364D-4DF8-A222-1E74CA0CBAD9}.Debug|Any CPU.ActiveCfg = Debug|Any CPU
		{EF235236-364D-4DF8-A222-1E74CA0CBAD9}.Debug|Any CPU.Build.0 = Debug|Any CPU
		{EF235236-364D-4DF8-A222-1E74CA0CBAD9}.r40|Any CPU.ActiveCfg = r40|Any CPU
		{EF235236-364D-4DF8-A222-1E74CA0CBAD9}.r40|Any CPU.Build.0 = r40|Any CPU
		{EF235236-364D-4DF8-A222-1E74CA0CBAD9}.r45|Any CPU.ActiveCfg = r45|Any CPU
		{EF235236-364D-4DF8-A222-1E74CA0CBAD9}.r45|Any CPU.Build.0 = r45|Any CPU
		{EF235236-364D-4DF8-A222-1E74CA0CBAD9}.r451|Any CPU.ActiveCfg = r451|Any CPU
		{EF235236-364D-4DF8-A222-1E74CA0CBAD9}.r451|Any CPU.Build.0 = r451|Any CPU
		{EF235236-364D-4DF8-A222-1E74CA0CBAD9}.r452|Any CPU.ActiveCfg = r452|Any CPU
		{EF235236-364D-4DF8-A222-1E74CA0CBAD9}.r452|Any CPU.Build.0 = r452|Any CPU
		{EF235236-364D-4DF8-A222-1E74CA0CBAD9}.r46|Any CPU.ActiveCfg = r46|Any CPU
		{EF235236-364D-4DF8-A222-1E74CA0CBAD9}.r46|Any CPU.Build.0 = r46|Any CPU
		{EF235236-364D-4DF8-A222-1E74CA0CBAD9}.Release|Any CPU.ActiveCfg = Release|Any CPU
		{EF235236-364D-4DF8-A222-1E74CA0CBAD9}.Release|Any CPU.Build.0 = Release|Any CPU
	EndGlobalSection
	GlobalSection(SolutionProperties) = preSolution
		HideSolutionNode = FALSE
	EndGlobalSection
EndGlobal
