
Microsoft Visual Studio Solution File, Format Version 12.00
# Visual Studio 15
VisualStudioVersion = 15.0.27130.2010
MinimumVisualStudioVersion = 15.0.26124.0
Project("{9A19103F-16F7-4668-BE54-9A1E7A4F7556}") = "LiveCharts.Core", "LiveCharts.Core\LiveCharts.Core.csproj", "{8CAF054C-FB7C-405B-889D-59048650F4B4}"
EndProject
Project("{FAE04EC0-301F-11D3-BF4B-00C04F79EFBC}") = "LiveCharts.Wpf", "LiveCharts.Wpf\LiveCharts.Wpf.csproj", "{5D63B51D-7E4D-4868-8CEF-DB2419718CEA}"
EndProject
Project("{FAE04EC0-301F-11D3-BF4B-00C04F79EFBC}") = "LiveCharts.Uwp", "LiveCharts.Uwp\LiveCharts.Uwp.csproj", "{9EA2E883-41C3-426D-9095-120A3B1882EA}"
EndProject
Project("{FAE04EC0-301F-11D3-BF4B-00C04F79EFBC}") = "LiveCharts.Xamarin.Android", "LiveCharts.Xamarin\LiveCharts.Xamarin.Android\LiveCharts.Xamarin.Android.csproj", "{7A660B1E-D636-4E33-89A9-9713DB200D31}"
EndProject
Project("{FAE04EC0-301F-11D3-BF4B-00C04F79EFBC}") = "LiveCharts.Xamarin.iOS", "LiveCharts.Xamarin\LiveCharts.Xamarin.iOS\LiveCharts.Xamarin.iOS.csproj", "{79450724-E085-449A-ADF3-4D34E4C0C29E}"
EndProject
Project("{FAE04EC0-301F-11D3-BF4B-00C04F79EFBC}") = "LiveCharts.Xamarin.UWP", "LiveCharts.Xamarin\LiveCharts.Xamarin.UWP\LiveCharts.Xamarin.UWP.csproj", "{5A6CCE7D-27F0-4AE8-B786-6921894AA041}"
EndProject
Project("{9A19103F-16F7-4668-BE54-9A1E7A4F7556}") = "LiveCharts.Xamarin", "LiveCharts.Xamarin\LiveCharts.Xamarin\LiveCharts.Xamarin.csproj", "{55A51366-B0EB-4866-A8DE-063B76DCDBFF}"
EndProject
Project("{9A19103F-16F7-4668-BE54-9A1E7A4F7556}") = "LiveCharts.Core.UnitTests", "LiveCharts.Core.UnitTests\LiveCharts.Core.UnitTests.csproj", "{F50892F2-A82F-4532-8A05-5824DBB941F9}"
EndProject
Project("{FAE04EC0-301F-11D3-BF4B-00C04F79EFBC}") = "Samples.Wpf", "samples\Samples.Wpf\Samples.Wpf.csproj", "{CC5D03FB-99BB-4FD0-A2CA-ECCE983454CC}"
EndProject
Project("{2150E333-8FDC-42A3-9474-1A3956D46DE8}") = "Samples", "Samples", "{101FAF12-0301-4572-959A-3E0C54ED991E}"
EndProject
Global
	GlobalSection(SolutionConfigurationPlatforms) = preSolution
		Ad-Hoc|Any CPU = Ad-Hoc|Any CPU
		Ad-Hoc|ARM = Ad-Hoc|ARM
		Ad-Hoc|iPhone = Ad-Hoc|iPhone
		Ad-Hoc|iPhoneSimulator = Ad-Hoc|iPhoneSimulator
		Ad-Hoc|x64 = Ad-Hoc|x64
		Ad-Hoc|x86 = Ad-Hoc|x86
		AppStore|Any CPU = AppStore|Any CPU
		AppStore|ARM = AppStore|ARM
		AppStore|iPhone = AppStore|iPhone
		AppStore|iPhoneSimulator = AppStore|iPhoneSimulator
		AppStore|x64 = AppStore|x64
		AppStore|x86 = AppStore|x86
		Debug|Any CPU = Debug|Any CPU
		Debug|ARM = Debug|ARM
		Debug|iPhone = Debug|iPhone
		Debug|iPhoneSimulator = Debug|iPhoneSimulator
		Debug|x64 = Debug|x64
		Debug|x86 = Debug|x86
		Release|Any CPU = Release|Any CPU
		Release|ARM = Release|ARM
		Release|iPhone = Release|iPhone
		Release|iPhoneSimulator = Release|iPhoneSimulator
		Release|x64 = Release|x64
		Release|x86 = Release|x86
	EndGlobalSection
	GlobalSection(ProjectConfigurationPlatforms) = postSolution
		{8CAF054C-FB7C-405B-889D-59048650F4B4}.Ad-Hoc|Any CPU.ActiveCfg = Release|Any CPU
		{8CAF054C-FB7C-405B-889D-59048650F4B4}.Ad-Hoc|Any CPU.Build.0 = Release|Any CPU
		{8CAF054C-FB7C-405B-889D-59048650F4B4}.Ad-Hoc|ARM.ActiveCfg = Release|Any CPU
		{8CAF054C-FB7C-405B-889D-59048650F4B4}.Ad-Hoc|ARM.Build.0 = Release|Any CPU
		{8CAF054C-FB7C-405B-889D-59048650F4B4}.Ad-Hoc|iPhone.ActiveCfg = Release|Any CPU
		{8CAF054C-FB7C-405B-889D-59048650F4B4}.Ad-Hoc|iPhone.Build.0 = Release|Any CPU
		{8CAF054C-FB7C-405B-889D-59048650F4B4}.Ad-Hoc|iPhoneSimulator.ActiveCfg = Release|Any CPU
		{8CAF054C-FB7C-405B-889D-59048650F4B4}.Ad-Hoc|iPhoneSimulator.Build.0 = Release|Any CPU
		{8CAF054C-FB7C-405B-889D-59048650F4B4}.Ad-Hoc|x64.ActiveCfg = Release|Any CPU
		{8CAF054C-FB7C-405B-889D-59048650F4B4}.Ad-Hoc|x64.Build.0 = Release|Any CPU
		{8CAF054C-FB7C-405B-889D-59048650F4B4}.Ad-Hoc|x86.ActiveCfg = Release|Any CPU
		{8CAF054C-FB7C-405B-889D-59048650F4B4}.Ad-Hoc|x86.Build.0 = Release|Any CPU
		{8CAF054C-FB7C-405B-889D-59048650F4B4}.AppStore|Any CPU.ActiveCfg = Release|Any CPU
		{8CAF054C-FB7C-405B-889D-59048650F4B4}.AppStore|Any CPU.Build.0 = Release|Any CPU
		{8CAF054C-FB7C-405B-889D-59048650F4B4}.AppStore|ARM.ActiveCfg = Release|Any CPU
		{8CAF054C-FB7C-405B-889D-59048650F4B4}.AppStore|ARM.Build.0 = Release|Any CPU
		{8CAF054C-FB7C-405B-889D-59048650F4B4}.AppStore|iPhone.ActiveCfg = Release|Any CPU
		{8CAF054C-FB7C-405B-889D-59048650F4B4}.AppStore|iPhone.Build.0 = Release|Any CPU
		{8CAF054C-FB7C-405B-889D-59048650F4B4}.AppStore|iPhoneSimulator.ActiveCfg = Release|Any CPU
		{8CAF054C-FB7C-405B-889D-59048650F4B4}.AppStore|iPhoneSimulator.Build.0 = Release|Any CPU
		{8CAF054C-FB7C-405B-889D-59048650F4B4}.AppStore|x64.ActiveCfg = Release|Any CPU
		{8CAF054C-FB7C-405B-889D-59048650F4B4}.AppStore|x64.Build.0 = Release|Any CPU
		{8CAF054C-FB7C-405B-889D-59048650F4B4}.AppStore|x86.ActiveCfg = Release|Any CPU
		{8CAF054C-FB7C-405B-889D-59048650F4B4}.AppStore|x86.Build.0 = Release|Any CPU
		{8CAF054C-FB7C-405B-889D-59048650F4B4}.Debug|Any CPU.ActiveCfg = Debug|Any CPU
		{8CAF054C-FB7C-405B-889D-59048650F4B4}.Debug|Any CPU.Build.0 = Debug|Any CPU
		{8CAF054C-FB7C-405B-889D-59048650F4B4}.Debug|ARM.ActiveCfg = Debug|Any CPU
		{8CAF054C-FB7C-405B-889D-59048650F4B4}.Debug|ARM.Build.0 = Debug|Any CPU
		{8CAF054C-FB7C-405B-889D-59048650F4B4}.Debug|iPhone.ActiveCfg = Debug|Any CPU
		{8CAF054C-FB7C-405B-889D-59048650F4B4}.Debug|iPhone.Build.0 = Debug|Any CPU
		{8CAF054C-FB7C-405B-889D-59048650F4B4}.Debug|iPhoneSimulator.ActiveCfg = Debug|Any CPU
		{8CAF054C-FB7C-405B-889D-59048650F4B4}.Debug|iPhoneSimulator.Build.0 = Debug|Any CPU
		{8CAF054C-FB7C-405B-889D-59048650F4B4}.Debug|x64.ActiveCfg = Debug|Any CPU
		{8CAF054C-FB7C-405B-889D-59048650F4B4}.Debug|x64.Build.0 = Debug|Any CPU
		{8CAF054C-FB7C-405B-889D-59048650F4B4}.Debug|x86.ActiveCfg = Debug|Any CPU
		{8CAF054C-FB7C-405B-889D-59048650F4B4}.Debug|x86.Build.0 = Debug|Any CPU
		{8CAF054C-FB7C-405B-889D-59048650F4B4}.Release|Any CPU.ActiveCfg = Release|Any CPU
		{8CAF054C-FB7C-405B-889D-59048650F4B4}.Release|Any CPU.Build.0 = Release|Any CPU
		{8CAF054C-FB7C-405B-889D-59048650F4B4}.Release|ARM.ActiveCfg = Release|Any CPU
		{8CAF054C-FB7C-405B-889D-59048650F4B4}.Release|ARM.Build.0 = Release|Any CPU
		{8CAF054C-FB7C-405B-889D-59048650F4B4}.Release|iPhone.ActiveCfg = Release|Any CPU
		{8CAF054C-FB7C-405B-889D-59048650F4B4}.Release|iPhone.Build.0 = Release|Any CPU
		{8CAF054C-FB7C-405B-889D-59048650F4B4}.Release|iPhoneSimulator.ActiveCfg = Release|Any CPU
		{8CAF054C-FB7C-405B-889D-59048650F4B4}.Release|iPhoneSimulator.Build.0 = Release|Any CPU
		{8CAF054C-FB7C-405B-889D-59048650F4B4}.Release|x64.ActiveCfg = Release|Any CPU
		{8CAF054C-FB7C-405B-889D-59048650F4B4}.Release|x64.Build.0 = Release|Any CPU
		{8CAF054C-FB7C-405B-889D-59048650F4B4}.Release|x86.ActiveCfg = Release|Any CPU
		{8CAF054C-FB7C-405B-889D-59048650F4B4}.Release|x86.Build.0 = Release|Any CPU
		{5D63B51D-7E4D-4868-8CEF-DB2419718CEA}.Ad-Hoc|Any CPU.ActiveCfg = Release|Any CPU
		{5D63B51D-7E4D-4868-8CEF-DB2419718CEA}.Ad-Hoc|Any CPU.Build.0 = Release|Any CPU
		{5D63B51D-7E4D-4868-8CEF-DB2419718CEA}.Ad-Hoc|ARM.ActiveCfg = Release|Any CPU
		{5D63B51D-7E4D-4868-8CEF-DB2419718CEA}.Ad-Hoc|ARM.Build.0 = Release|Any CPU
		{5D63B51D-7E4D-4868-8CEF-DB2419718CEA}.Ad-Hoc|iPhone.ActiveCfg = Release|Any CPU
		{5D63B51D-7E4D-4868-8CEF-DB2419718CEA}.Ad-Hoc|iPhone.Build.0 = Release|Any CPU
		{5D63B51D-7E4D-4868-8CEF-DB2419718CEA}.Ad-Hoc|iPhoneSimulator.ActiveCfg = Release|Any CPU
		{5D63B51D-7E4D-4868-8CEF-DB2419718CEA}.Ad-Hoc|iPhoneSimulator.Build.0 = Release|Any CPU
		{5D63B51D-7E4D-4868-8CEF-DB2419718CEA}.Ad-Hoc|x64.ActiveCfg = Release|Any CPU
		{5D63B51D-7E4D-4868-8CEF-DB2419718CEA}.Ad-Hoc|x64.Build.0 = Release|Any CPU
		{5D63B51D-7E4D-4868-8CEF-DB2419718CEA}.Ad-Hoc|x86.ActiveCfg = Release|Any CPU
		{5D63B51D-7E4D-4868-8CEF-DB2419718CEA}.Ad-Hoc|x86.Build.0 = Release|Any CPU
		{5D63B51D-7E4D-4868-8CEF-DB2419718CEA}.AppStore|Any CPU.ActiveCfg = Release|Any CPU
		{5D63B51D-7E4D-4868-8CEF-DB2419718CEA}.AppStore|Any CPU.Build.0 = Release|Any CPU
		{5D63B51D-7E4D-4868-8CEF-DB2419718CEA}.AppStore|ARM.ActiveCfg = Release|Any CPU
		{5D63B51D-7E4D-4868-8CEF-DB2419718CEA}.AppStore|ARM.Build.0 = Release|Any CPU
		{5D63B51D-7E4D-4868-8CEF-DB2419718CEA}.AppStore|iPhone.ActiveCfg = Release|Any CPU
		{5D63B51D-7E4D-4868-8CEF-DB2419718CEA}.AppStore|iPhone.Build.0 = Release|Any CPU
		{5D63B51D-7E4D-4868-8CEF-DB2419718CEA}.AppStore|iPhoneSimulator.ActiveCfg = Release|Any CPU
		{5D63B51D-7E4D-4868-8CEF-DB2419718CEA}.AppStore|iPhoneSimulator.Build.0 = Release|Any CPU
		{5D63B51D-7E4D-4868-8CEF-DB2419718CEA}.AppStore|x64.ActiveCfg = Release|Any CPU
		{5D63B51D-7E4D-4868-8CEF-DB2419718CEA}.AppStore|x64.Build.0 = Release|Any CPU
		{5D63B51D-7E4D-4868-8CEF-DB2419718CEA}.AppStore|x86.ActiveCfg = Release|Any CPU
		{5D63B51D-7E4D-4868-8CEF-DB2419718CEA}.AppStore|x86.Build.0 = Release|Any CPU
		{5D63B51D-7E4D-4868-8CEF-DB2419718CEA}.Debug|Any CPU.ActiveCfg = Debug|Any CPU
		{5D63B51D-7E4D-4868-8CEF-DB2419718CEA}.Debug|Any CPU.Build.0 = Debug|Any CPU
		{5D63B51D-7E4D-4868-8CEF-DB2419718CEA}.Debug|ARM.ActiveCfg = Debug|Any CPU
		{5D63B51D-7E4D-4868-8CEF-DB2419718CEA}.Debug|ARM.Build.0 = Debug|Any CPU
		{5D63B51D-7E4D-4868-8CEF-DB2419718CEA}.Debug|iPhone.ActiveCfg = Debug|Any CPU
		{5D63B51D-7E4D-4868-8CEF-DB2419718CEA}.Debug|iPhone.Build.0 = Debug|Any CPU
		{5D63B51D-7E4D-4868-8CEF-DB2419718CEA}.Debug|iPhoneSimulator.ActiveCfg = Debug|Any CPU
		{5D63B51D-7E4D-4868-8CEF-DB2419718CEA}.Debug|iPhoneSimulator.Build.0 = Debug|Any CPU
		{5D63B51D-7E4D-4868-8CEF-DB2419718CEA}.Debug|x64.ActiveCfg = Debug|Any CPU
		{5D63B51D-7E4D-4868-8CEF-DB2419718CEA}.Debug|x64.Build.0 = Debug|Any CPU
		{5D63B51D-7E4D-4868-8CEF-DB2419718CEA}.Debug|x86.ActiveCfg = Debug|Any CPU
		{5D63B51D-7E4D-4868-8CEF-DB2419718CEA}.Debug|x86.Build.0 = Debug|Any CPU
		{5D63B51D-7E4D-4868-8CEF-DB2419718CEA}.Release|Any CPU.ActiveCfg = Release|Any CPU
		{5D63B51D-7E4D-4868-8CEF-DB2419718CEA}.Release|Any CPU.Build.0 = Release|Any CPU
		{5D63B51D-7E4D-4868-8CEF-DB2419718CEA}.Release|ARM.ActiveCfg = Release|Any CPU
		{5D63B51D-7E4D-4868-8CEF-DB2419718CEA}.Release|ARM.Build.0 = Release|Any CPU
		{5D63B51D-7E4D-4868-8CEF-DB2419718CEA}.Release|iPhone.ActiveCfg = Release|Any CPU
		{5D63B51D-7E4D-4868-8CEF-DB2419718CEA}.Release|iPhone.Build.0 = Release|Any CPU
		{5D63B51D-7E4D-4868-8CEF-DB2419718CEA}.Release|iPhoneSimulator.ActiveCfg = Release|Any CPU
		{5D63B51D-7E4D-4868-8CEF-DB2419718CEA}.Release|iPhoneSimulator.Build.0 = Release|Any CPU
		{5D63B51D-7E4D-4868-8CEF-DB2419718CEA}.Release|x64.ActiveCfg = Release|Any CPU
		{5D63B51D-7E4D-4868-8CEF-DB2419718CEA}.Release|x64.Build.0 = Release|Any CPU
		{5D63B51D-7E4D-4868-8CEF-DB2419718CEA}.Release|x86.ActiveCfg = Release|Any CPU
		{5D63B51D-7E4D-4868-8CEF-DB2419718CEA}.Release|x86.Build.0 = Release|Any CPU
		{9EA2E883-41C3-426D-9095-120A3B1882EA}.Ad-Hoc|Any CPU.ActiveCfg = Release|Any CPU
		{9EA2E883-41C3-426D-9095-120A3B1882EA}.Ad-Hoc|Any CPU.Build.0 = Release|Any CPU
		{9EA2E883-41C3-426D-9095-120A3B1882EA}.Ad-Hoc|ARM.ActiveCfg = Release|ARM
		{9EA2E883-41C3-426D-9095-120A3B1882EA}.Ad-Hoc|ARM.Build.0 = Release|ARM
		{9EA2E883-41C3-426D-9095-120A3B1882EA}.Ad-Hoc|iPhone.ActiveCfg = Release|Any CPU
		{9EA2E883-41C3-426D-9095-120A3B1882EA}.Ad-Hoc|iPhone.Build.0 = Release|Any CPU
		{9EA2E883-41C3-426D-9095-120A3B1882EA}.Ad-Hoc|iPhoneSimulator.ActiveCfg = Release|Any CPU
		{9EA2E883-41C3-426D-9095-120A3B1882EA}.Ad-Hoc|iPhoneSimulator.Build.0 = Release|Any CPU
		{9EA2E883-41C3-426D-9095-120A3B1882EA}.Ad-Hoc|x64.ActiveCfg = Release|x64
		{9EA2E883-41C3-426D-9095-120A3B1882EA}.Ad-Hoc|x64.Build.0 = Release|x64
		{9EA2E883-41C3-426D-9095-120A3B1882EA}.Ad-Hoc|x86.ActiveCfg = Release|x86
		{9EA2E883-41C3-426D-9095-120A3B1882EA}.Ad-Hoc|x86.Build.0 = Release|x86
		{9EA2E883-41C3-426D-9095-120A3B1882EA}.AppStore|Any CPU.ActiveCfg = Release|Any CPU
		{9EA2E883-41C3-426D-9095-120A3B1882EA}.AppStore|Any CPU.Build.0 = Release|Any CPU
		{9EA2E883-41C3-426D-9095-120A3B1882EA}.AppStore|ARM.ActiveCfg = Release|ARM
		{9EA2E883-41C3-426D-9095-120A3B1882EA}.AppStore|ARM.Build.0 = Release|ARM
		{9EA2E883-41C3-426D-9095-120A3B1882EA}.AppStore|iPhone.ActiveCfg = Release|Any CPU
		{9EA2E883-41C3-426D-9095-120A3B1882EA}.AppStore|iPhone.Build.0 = Release|Any CPU
		{9EA2E883-41C3-426D-9095-120A3B1882EA}.AppStore|iPhoneSimulator.ActiveCfg = Release|Any CPU
		{9EA2E883-41C3-426D-9095-120A3B1882EA}.AppStore|iPhoneSimulator.Build.0 = Release|Any CPU
		{9EA2E883-41C3-426D-9095-120A3B1882EA}.AppStore|x64.ActiveCfg = Release|x64
		{9EA2E883-41C3-426D-9095-120A3B1882EA}.AppStore|x64.Build.0 = Release|x64
		{9EA2E883-41C3-426D-9095-120A3B1882EA}.AppStore|x86.ActiveCfg = Release|x86
		{9EA2E883-41C3-426D-9095-120A3B1882EA}.AppStore|x86.Build.0 = Release|x86
		{9EA2E883-41C3-426D-9095-120A3B1882EA}.Debug|Any CPU.ActiveCfg = Debug|Any CPU
		{9EA2E883-41C3-426D-9095-120A3B1882EA}.Debug|Any CPU.Build.0 = Debug|Any CPU
		{9EA2E883-41C3-426D-9095-120A3B1882EA}.Debug|ARM.ActiveCfg = Debug|ARM
		{9EA2E883-41C3-426D-9095-120A3B1882EA}.Debug|ARM.Build.0 = Debug|ARM
		{9EA2E883-41C3-426D-9095-120A3B1882EA}.Debug|iPhone.ActiveCfg = Debug|Any CPU
		{9EA2E883-41C3-426D-9095-120A3B1882EA}.Debug|iPhone.Build.0 = Debug|Any CPU
		{9EA2E883-41C3-426D-9095-120A3B1882EA}.Debug|iPhoneSimulator.ActiveCfg = Debug|Any CPU
		{9EA2E883-41C3-426D-9095-120A3B1882EA}.Debug|iPhoneSimulator.Build.0 = Debug|Any CPU
		{9EA2E883-41C3-426D-9095-120A3B1882EA}.Debug|x64.ActiveCfg = Debug|x64
		{9EA2E883-41C3-426D-9095-120A3B1882EA}.Debug|x64.Build.0 = Debug|x64
		{9EA2E883-41C3-426D-9095-120A3B1882EA}.Debug|x86.ActiveCfg = Debug|x86
		{9EA2E883-41C3-426D-9095-120A3B1882EA}.Debug|x86.Build.0 = Debug|x86
		{9EA2E883-41C3-426D-9095-120A3B1882EA}.Release|Any CPU.ActiveCfg = Release|Any CPU
		{9EA2E883-41C3-426D-9095-120A3B1882EA}.Release|Any CPU.Build.0 = Release|Any CPU
		{9EA2E883-41C3-426D-9095-120A3B1882EA}.Release|ARM.ActiveCfg = Release|ARM
		{9EA2E883-41C3-426D-9095-120A3B1882EA}.Release|ARM.Build.0 = Release|ARM
		{9EA2E883-41C3-426D-9095-120A3B1882EA}.Release|iPhone.ActiveCfg = Release|Any CPU
		{9EA2E883-41C3-426D-9095-120A3B1882EA}.Release|iPhone.Build.0 = Release|Any CPU
		{9EA2E883-41C3-426D-9095-120A3B1882EA}.Release|iPhoneSimulator.ActiveCfg = Release|Any CPU
		{9EA2E883-41C3-426D-9095-120A3B1882EA}.Release|iPhoneSimulator.Build.0 = Release|Any CPU
		{9EA2E883-41C3-426D-9095-120A3B1882EA}.Release|x64.ActiveCfg = Release|x64
		{9EA2E883-41C3-426D-9095-120A3B1882EA}.Release|x64.Build.0 = Release|x64
		{9EA2E883-41C3-426D-9095-120A3B1882EA}.Release|x86.ActiveCfg = Release|x86
		{9EA2E883-41C3-426D-9095-120A3B1882EA}.Release|x86.Build.0 = Release|x86
		{7A660B1E-D636-4E33-89A9-9713DB200D31}.Ad-Hoc|Any CPU.ActiveCfg = Release|Any CPU
		{7A660B1E-D636-4E33-89A9-9713DB200D31}.Ad-Hoc|Any CPU.Build.0 = Release|Any CPU
		{7A660B1E-D636-4E33-89A9-9713DB200D31}.Ad-Hoc|Any CPU.Deploy.0 = Release|Any CPU
		{7A660B1E-D636-4E33-89A9-9713DB200D31}.Ad-Hoc|ARM.ActiveCfg = Release|Any CPU
		{7A660B1E-D636-4E33-89A9-9713DB200D31}.Ad-Hoc|ARM.Build.0 = Release|Any CPU
		{7A660B1E-D636-4E33-89A9-9713DB200D31}.Ad-Hoc|ARM.Deploy.0 = Release|Any CPU
		{7A660B1E-D636-4E33-89A9-9713DB200D31}.Ad-Hoc|iPhone.ActiveCfg = Release|Any CPU
		{7A660B1E-D636-4E33-89A9-9713DB200D31}.Ad-Hoc|iPhone.Build.0 = Release|Any CPU
		{7A660B1E-D636-4E33-89A9-9713DB200D31}.Ad-Hoc|iPhone.Deploy.0 = Release|Any CPU
		{7A660B1E-D636-4E33-89A9-9713DB200D31}.Ad-Hoc|iPhoneSimulator.ActiveCfg = Release|Any CPU
		{7A660B1E-D636-4E33-89A9-9713DB200D31}.Ad-Hoc|iPhoneSimulator.Build.0 = Release|Any CPU
		{7A660B1E-D636-4E33-89A9-9713DB200D31}.Ad-Hoc|iPhoneSimulator.Deploy.0 = Release|Any CPU
		{7A660B1E-D636-4E33-89A9-9713DB200D31}.Ad-Hoc|x64.ActiveCfg = Release|Any CPU
		{7A660B1E-D636-4E33-89A9-9713DB200D31}.Ad-Hoc|x64.Build.0 = Release|Any CPU
		{7A660B1E-D636-4E33-89A9-9713DB200D31}.Ad-Hoc|x64.Deploy.0 = Release|Any CPU
		{7A660B1E-D636-4E33-89A9-9713DB200D31}.Ad-Hoc|x86.ActiveCfg = Release|Any CPU
		{7A660B1E-D636-4E33-89A9-9713DB200D31}.Ad-Hoc|x86.Build.0 = Release|Any CPU
		{7A660B1E-D636-4E33-89A9-9713DB200D31}.Ad-Hoc|x86.Deploy.0 = Release|Any CPU
		{7A660B1E-D636-4E33-89A9-9713DB200D31}.AppStore|Any CPU.ActiveCfg = Release|Any CPU
		{7A660B1E-D636-4E33-89A9-9713DB200D31}.AppStore|Any CPU.Build.0 = Release|Any CPU
		{7A660B1E-D636-4E33-89A9-9713DB200D31}.AppStore|Any CPU.Deploy.0 = Release|Any CPU
		{7A660B1E-D636-4E33-89A9-9713DB200D31}.AppStore|ARM.ActiveCfg = Release|Any CPU
		{7A660B1E-D636-4E33-89A9-9713DB200D31}.AppStore|ARM.Build.0 = Release|Any CPU
		{7A660B1E-D636-4E33-89A9-9713DB200D31}.AppStore|ARM.Deploy.0 = Release|Any CPU
		{7A660B1E-D636-4E33-89A9-9713DB200D31}.AppStore|iPhone.ActiveCfg = Release|Any CPU
		{7A660B1E-D636-4E33-89A9-9713DB200D31}.AppStore|iPhone.Build.0 = Release|Any CPU
		{7A660B1E-D636-4E33-89A9-9713DB200D31}.AppStore|iPhone.Deploy.0 = Release|Any CPU
		{7A660B1E-D636-4E33-89A9-9713DB200D31}.AppStore|iPhoneSimulator.ActiveCfg = Release|Any CPU
		{7A660B1E-D636-4E33-89A9-9713DB200D31}.AppStore|iPhoneSimulator.Build.0 = Release|Any CPU
		{7A660B1E-D636-4E33-89A9-9713DB200D31}.AppStore|iPhoneSimulator.Deploy.0 = Release|Any CPU
		{7A660B1E-D636-4E33-89A9-9713DB200D31}.AppStore|x64.ActiveCfg = Release|Any CPU
		{7A660B1E-D636-4E33-89A9-9713DB200D31}.AppStore|x64.Build.0 = Release|Any CPU
		{7A660B1E-D636-4E33-89A9-9713DB200D31}.AppStore|x64.Deploy.0 = Release|Any CPU
		{7A660B1E-D636-4E33-89A9-9713DB200D31}.AppStore|x86.ActiveCfg = Release|Any CPU
		{7A660B1E-D636-4E33-89A9-9713DB200D31}.AppStore|x86.Build.0 = Release|Any CPU
		{7A660B1E-D636-4E33-89A9-9713DB200D31}.AppStore|x86.Deploy.0 = Release|Any CPU
		{7A660B1E-D636-4E33-89A9-9713DB200D31}.Debug|Any CPU.ActiveCfg = Debug|Any CPU
		{7A660B1E-D636-4E33-89A9-9713DB200D31}.Debug|Any CPU.Build.0 = Debug|Any CPU
		{7A660B1E-D636-4E33-89A9-9713DB200D31}.Debug|Any CPU.Deploy.0 = Debug|Any CPU
		{7A660B1E-D636-4E33-89A9-9713DB200D31}.Debug|ARM.ActiveCfg = Debug|Any CPU
		{7A660B1E-D636-4E33-89A9-9713DB200D31}.Debug|ARM.Build.0 = Debug|Any CPU
		{7A660B1E-D636-4E33-89A9-9713DB200D31}.Debug|ARM.Deploy.0 = Debug|Any CPU
		{7A660B1E-D636-4E33-89A9-9713DB200D31}.Debug|iPhone.ActiveCfg = Debug|Any CPU
		{7A660B1E-D636-4E33-89A9-9713DB200D31}.Debug|iPhone.Build.0 = Debug|Any CPU
		{7A660B1E-D636-4E33-89A9-9713DB200D31}.Debug|iPhone.Deploy.0 = Debug|Any CPU
		{7A660B1E-D636-4E33-89A9-9713DB200D31}.Debug|iPhoneSimulator.ActiveCfg = Debug|Any CPU
		{7A660B1E-D636-4E33-89A9-9713DB200D31}.Debug|iPhoneSimulator.Build.0 = Debug|Any CPU
		{7A660B1E-D636-4E33-89A9-9713DB200D31}.Debug|iPhoneSimulator.Deploy.0 = Debug|Any CPU
		{7A660B1E-D636-4E33-89A9-9713DB200D31}.Debug|x64.ActiveCfg = Debug|Any CPU
		{7A660B1E-D636-4E33-89A9-9713DB200D31}.Debug|x64.Build.0 = Debug|Any CPU
		{7A660B1E-D636-4E33-89A9-9713DB200D31}.Debug|x64.Deploy.0 = Debug|Any CPU
		{7A660B1E-D636-4E33-89A9-9713DB200D31}.Debug|x86.ActiveCfg = Debug|Any CPU
		{7A660B1E-D636-4E33-89A9-9713DB200D31}.Debug|x86.Build.0 = Debug|Any CPU
		{7A660B1E-D636-4E33-89A9-9713DB200D31}.Debug|x86.Deploy.0 = Debug|Any CPU
		{7A660B1E-D636-4E33-89A9-9713DB200D31}.Release|Any CPU.ActiveCfg = Release|Any CPU
		{7A660B1E-D636-4E33-89A9-9713DB200D31}.Release|Any CPU.Build.0 = Release|Any CPU
		{7A660B1E-D636-4E33-89A9-9713DB200D31}.Release|Any CPU.Deploy.0 = Release|Any CPU
		{7A660B1E-D636-4E33-89A9-9713DB200D31}.Release|ARM.ActiveCfg = Release|Any CPU
		{7A660B1E-D636-4E33-89A9-9713DB200D31}.Release|ARM.Build.0 = Release|Any CPU
		{7A660B1E-D636-4E33-89A9-9713DB200D31}.Release|ARM.Deploy.0 = Release|Any CPU
		{7A660B1E-D636-4E33-89A9-9713DB200D31}.Release|iPhone.ActiveCfg = Release|Any CPU
		{7A660B1E-D636-4E33-89A9-9713DB200D31}.Release|iPhone.Build.0 = Release|Any CPU
		{7A660B1E-D636-4E33-89A9-9713DB200D31}.Release|iPhone.Deploy.0 = Release|Any CPU
		{7A660B1E-D636-4E33-89A9-9713DB200D31}.Release|iPhoneSimulator.ActiveCfg = Release|Any CPU
		{7A660B1E-D636-4E33-89A9-9713DB200D31}.Release|iPhoneSimulator.Build.0 = Release|Any CPU
		{7A660B1E-D636-4E33-89A9-9713DB200D31}.Release|iPhoneSimulator.Deploy.0 = Release|Any CPU
		{7A660B1E-D636-4E33-89A9-9713DB200D31}.Release|x64.ActiveCfg = Release|Any CPU
		{7A660B1E-D636-4E33-89A9-9713DB200D31}.Release|x64.Build.0 = Release|Any CPU
		{7A660B1E-D636-4E33-89A9-9713DB200D31}.Release|x64.Deploy.0 = Release|Any CPU
		{7A660B1E-D636-4E33-89A9-9713DB200D31}.Release|x86.ActiveCfg = Release|Any CPU
		{7A660B1E-D636-4E33-89A9-9713DB200D31}.Release|x86.Build.0 = Release|Any CPU
		{7A660B1E-D636-4E33-89A9-9713DB200D31}.Release|x86.Deploy.0 = Release|Any CPU
		{79450724-E085-449A-ADF3-4D34E4C0C29E}.Ad-Hoc|Any CPU.ActiveCfg = Ad-Hoc|iPhone
		{79450724-E085-449A-ADF3-4D34E4C0C29E}.Ad-Hoc|ARM.ActiveCfg = Ad-Hoc|iPhone
		{79450724-E085-449A-ADF3-4D34E4C0C29E}.Ad-Hoc|iPhone.ActiveCfg = Ad-Hoc|iPhone
		{79450724-E085-449A-ADF3-4D34E4C0C29E}.Ad-Hoc|iPhone.Build.0 = Ad-Hoc|iPhone
		{79450724-E085-449A-ADF3-4D34E4C0C29E}.Ad-Hoc|iPhoneSimulator.ActiveCfg = Ad-Hoc|iPhoneSimulator
		{79450724-E085-449A-ADF3-4D34E4C0C29E}.Ad-Hoc|iPhoneSimulator.Build.0 = Ad-Hoc|iPhoneSimulator
		{79450724-E085-449A-ADF3-4D34E4C0C29E}.Ad-Hoc|x64.ActiveCfg = Ad-Hoc|iPhone
		{79450724-E085-449A-ADF3-4D34E4C0C29E}.Ad-Hoc|x86.ActiveCfg = Ad-Hoc|iPhone
		{79450724-E085-449A-ADF3-4D34E4C0C29E}.AppStore|Any CPU.ActiveCfg = AppStore|iPhone
		{79450724-E085-449A-ADF3-4D34E4C0C29E}.AppStore|ARM.ActiveCfg = AppStore|iPhone
		{79450724-E085-449A-ADF3-4D34E4C0C29E}.AppStore|iPhone.ActiveCfg = AppStore|iPhone
		{79450724-E085-449A-ADF3-4D34E4C0C29E}.AppStore|iPhone.Build.0 = AppStore|iPhone
		{79450724-E085-449A-ADF3-4D34E4C0C29E}.AppStore|iPhoneSimulator.ActiveCfg = AppStore|iPhoneSimulator
		{79450724-E085-449A-ADF3-4D34E4C0C29E}.AppStore|iPhoneSimulator.Build.0 = AppStore|iPhoneSimulator
		{79450724-E085-449A-ADF3-4D34E4C0C29E}.AppStore|x64.ActiveCfg = AppStore|iPhone
		{79450724-E085-449A-ADF3-4D34E4C0C29E}.AppStore|x86.ActiveCfg = AppStore|iPhone
		{79450724-E085-449A-ADF3-4D34E4C0C29E}.Debug|Any CPU.ActiveCfg = Debug|iPhone
		{79450724-E085-449A-ADF3-4D34E4C0C29E}.Debug|ARM.ActiveCfg = Debug|iPhone
		{79450724-E085-449A-ADF3-4D34E4C0C29E}.Debug|iPhone.ActiveCfg = Debug|iPhone
		{79450724-E085-449A-ADF3-4D34E4C0C29E}.Debug|iPhone.Build.0 = Debug|iPhone
		{79450724-E085-449A-ADF3-4D34E4C0C29E}.Debug|iPhoneSimulator.ActiveCfg = Debug|iPhoneSimulator
		{79450724-E085-449A-ADF3-4D34E4C0C29E}.Debug|iPhoneSimulator.Build.0 = Debug|iPhoneSimulator
		{79450724-E085-449A-ADF3-4D34E4C0C29E}.Debug|x64.ActiveCfg = Debug|iPhone
		{79450724-E085-449A-ADF3-4D34E4C0C29E}.Debug|x86.ActiveCfg = Debug|iPhone
		{79450724-E085-449A-ADF3-4D34E4C0C29E}.Release|Any CPU.ActiveCfg = Release|iPhone
		{79450724-E085-449A-ADF3-4D34E4C0C29E}.Release|ARM.ActiveCfg = Release|iPhone
		{79450724-E085-449A-ADF3-4D34E4C0C29E}.Release|iPhone.ActiveCfg = Release|iPhone
		{79450724-E085-449A-ADF3-4D34E4C0C29E}.Release|iPhone.Build.0 = Release|iPhone
		{79450724-E085-449A-ADF3-4D34E4C0C29E}.Release|iPhoneSimulator.ActiveCfg = Release|iPhoneSimulator
		{79450724-E085-449A-ADF3-4D34E4C0C29E}.Release|iPhoneSimulator.Build.0 = Release|iPhoneSimulator
		{79450724-E085-449A-ADF3-4D34E4C0C29E}.Release|x64.ActiveCfg = Release|iPhone
		{79450724-E085-449A-ADF3-4D34E4C0C29E}.Release|x86.ActiveCfg = Release|iPhone
		{5A6CCE7D-27F0-4AE8-B786-6921894AA041}.Ad-Hoc|Any CPU.ActiveCfg = Release|x86
		{5A6CCE7D-27F0-4AE8-B786-6921894AA041}.Ad-Hoc|Any CPU.Build.0 = Release|x86
		{5A6CCE7D-27F0-4AE8-B786-6921894AA041}.Ad-Hoc|Any CPU.Deploy.0 = Release|x86
		{5A6CCE7D-27F0-4AE8-B786-6921894AA041}.Ad-Hoc|ARM.ActiveCfg = Release|ARM
		{5A6CCE7D-27F0-4AE8-B786-6921894AA041}.Ad-Hoc|ARM.Build.0 = Release|ARM
		{5A6CCE7D-27F0-4AE8-B786-6921894AA041}.Ad-Hoc|ARM.Deploy.0 = Release|ARM
		{5A6CCE7D-27F0-4AE8-B786-6921894AA041}.Ad-Hoc|iPhone.ActiveCfg = Release|x86
		{5A6CCE7D-27F0-4AE8-B786-6921894AA041}.Ad-Hoc|iPhone.Build.0 = Release|x86
		{5A6CCE7D-27F0-4AE8-B786-6921894AA041}.Ad-Hoc|iPhone.Deploy.0 = Release|x86
		{5A6CCE7D-27F0-4AE8-B786-6921894AA041}.Ad-Hoc|iPhoneSimulator.ActiveCfg = Release|x86
		{5A6CCE7D-27F0-4AE8-B786-6921894AA041}.Ad-Hoc|iPhoneSimulator.Build.0 = Release|x86
		{5A6CCE7D-27F0-4AE8-B786-6921894AA041}.Ad-Hoc|iPhoneSimulator.Deploy.0 = Release|x86
		{5A6CCE7D-27F0-4AE8-B786-6921894AA041}.Ad-Hoc|x64.ActiveCfg = Release|x64
		{5A6CCE7D-27F0-4AE8-B786-6921894AA041}.Ad-Hoc|x64.Build.0 = Release|x64
		{5A6CCE7D-27F0-4AE8-B786-6921894AA041}.Ad-Hoc|x64.Deploy.0 = Release|x64
		{5A6CCE7D-27F0-4AE8-B786-6921894AA041}.Ad-Hoc|x86.ActiveCfg = Release|x86
		{5A6CCE7D-27F0-4AE8-B786-6921894AA041}.Ad-Hoc|x86.Build.0 = Release|x86
		{5A6CCE7D-27F0-4AE8-B786-6921894AA041}.Ad-Hoc|x86.Deploy.0 = Release|x86
		{5A6CCE7D-27F0-4AE8-B786-6921894AA041}.AppStore|Any CPU.ActiveCfg = Release|x86
		{5A6CCE7D-27F0-4AE8-B786-6921894AA041}.AppStore|Any CPU.Build.0 = Release|x86
		{5A6CCE7D-27F0-4AE8-B786-6921894AA041}.AppStore|Any CPU.Deploy.0 = Release|x86
		{5A6CCE7D-27F0-4AE8-B786-6921894AA041}.AppStore|ARM.ActiveCfg = Release|ARM
		{5A6CCE7D-27F0-4AE8-B786-6921894AA041}.AppStore|ARM.Build.0 = Release|ARM
		{5A6CCE7D-27F0-4AE8-B786-6921894AA041}.AppStore|ARM.Deploy.0 = Release|ARM
		{5A6CCE7D-27F0-4AE8-B786-6921894AA041}.AppStore|iPhone.ActiveCfg = Release|x86
		{5A6CCE7D-27F0-4AE8-B786-6921894AA041}.AppStore|iPhone.Build.0 = Release|x86
		{5A6CCE7D-27F0-4AE8-B786-6921894AA041}.AppStore|iPhone.Deploy.0 = Release|x86
		{5A6CCE7D-27F0-4AE8-B786-6921894AA041}.AppStore|iPhoneSimulator.ActiveCfg = Release|x86
		{5A6CCE7D-27F0-4AE8-B786-6921894AA041}.AppStore|iPhoneSimulator.Build.0 = Release|x86
		{5A6CCE7D-27F0-4AE8-B786-6921894AA041}.AppStore|iPhoneSimulator.Deploy.0 = Release|x86
		{5A6CCE7D-27F0-4AE8-B786-6921894AA041}.AppStore|x64.ActiveCfg = Release|x64
		{5A6CCE7D-27F0-4AE8-B786-6921894AA041}.AppStore|x64.Build.0 = Release|x64
		{5A6CCE7D-27F0-4AE8-B786-6921894AA041}.AppStore|x64.Deploy.0 = Release|x64
		{5A6CCE7D-27F0-4AE8-B786-6921894AA041}.AppStore|x86.ActiveCfg = Release|x86
		{5A6CCE7D-27F0-4AE8-B786-6921894AA041}.AppStore|x86.Build.0 = Release|x86
		{5A6CCE7D-27F0-4AE8-B786-6921894AA041}.AppStore|x86.Deploy.0 = Release|x86
		{5A6CCE7D-27F0-4AE8-B786-6921894AA041}.Debug|Any CPU.ActiveCfg = Debug|x86
		{5A6CCE7D-27F0-4AE8-B786-6921894AA041}.Debug|ARM.ActiveCfg = Debug|ARM
		{5A6CCE7D-27F0-4AE8-B786-6921894AA041}.Debug|ARM.Build.0 = Debug|ARM
		{5A6CCE7D-27F0-4AE8-B786-6921894AA041}.Debug|ARM.Deploy.0 = Debug|ARM
		{5A6CCE7D-27F0-4AE8-B786-6921894AA041}.Debug|iPhone.ActiveCfg = Debug|x86
		{5A6CCE7D-27F0-4AE8-B786-6921894AA041}.Debug|iPhoneSimulator.ActiveCfg = Debug|x86
		{5A6CCE7D-27F0-4AE8-B786-6921894AA041}.Debug|x64.ActiveCfg = Debug|x64
		{5A6CCE7D-27F0-4AE8-B786-6921894AA041}.Debug|x64.Build.0 = Debug|x64
		{5A6CCE7D-27F0-4AE8-B786-6921894AA041}.Debug|x64.Deploy.0 = Debug|x64
		{5A6CCE7D-27F0-4AE8-B786-6921894AA041}.Debug|x86.ActiveCfg = Debug|x86
		{5A6CCE7D-27F0-4AE8-B786-6921894AA041}.Debug|x86.Build.0 = Debug|x86
		{5A6CCE7D-27F0-4AE8-B786-6921894AA041}.Debug|x86.Deploy.0 = Debug|x86
		{5A6CCE7D-27F0-4AE8-B786-6921894AA041}.Release|Any CPU.ActiveCfg = Release|x86
		{5A6CCE7D-27F0-4AE8-B786-6921894AA041}.Release|ARM.ActiveCfg = Release|ARM
		{5A6CCE7D-27F0-4AE8-B786-6921894AA041}.Release|ARM.Build.0 = Release|ARM
		{5A6CCE7D-27F0-4AE8-B786-6921894AA041}.Release|ARM.Deploy.0 = Release|ARM
		{5A6CCE7D-27F0-4AE8-B786-6921894AA041}.Release|iPhone.ActiveCfg = Release|x86
		{5A6CCE7D-27F0-4AE8-B786-6921894AA041}.Release|iPhoneSimulator.ActiveCfg = Release|x86
		{5A6CCE7D-27F0-4AE8-B786-6921894AA041}.Release|x64.ActiveCfg = Release|x64
		{5A6CCE7D-27F0-4AE8-B786-6921894AA041}.Release|x64.Build.0 = Release|x64
		{5A6CCE7D-27F0-4AE8-B786-6921894AA041}.Release|x64.Deploy.0 = Release|x64
		{5A6CCE7D-27F0-4AE8-B786-6921894AA041}.Release|x86.ActiveCfg = Release|x86
		{5A6CCE7D-27F0-4AE8-B786-6921894AA041}.Release|x86.Build.0 = Release|x86
		{5A6CCE7D-27F0-4AE8-B786-6921894AA041}.Release|x86.Deploy.0 = Release|x86
		{55A51366-B0EB-4866-A8DE-063B76DCDBFF}.Ad-Hoc|Any CPU.ActiveCfg = Debug|Any CPU
		{55A51366-B0EB-4866-A8DE-063B76DCDBFF}.Ad-Hoc|Any CPU.Build.0 = Debug|Any CPU
		{55A51366-B0EB-4866-A8DE-063B76DCDBFF}.Ad-Hoc|ARM.ActiveCfg = Debug|Any CPU
		{55A51366-B0EB-4866-A8DE-063B76DCDBFF}.Ad-Hoc|ARM.Build.0 = Debug|Any CPU
		{55A51366-B0EB-4866-A8DE-063B76DCDBFF}.Ad-Hoc|iPhone.ActiveCfg = Debug|Any CPU
		{55A51366-B0EB-4866-A8DE-063B76DCDBFF}.Ad-Hoc|iPhone.Build.0 = Debug|Any CPU
		{55A51366-B0EB-4866-A8DE-063B76DCDBFF}.Ad-Hoc|iPhoneSimulator.ActiveCfg = Debug|Any CPU
		{55A51366-B0EB-4866-A8DE-063B76DCDBFF}.Ad-Hoc|iPhoneSimulator.Build.0 = Debug|Any CPU
		{55A51366-B0EB-4866-A8DE-063B76DCDBFF}.Ad-Hoc|x64.ActiveCfg = Debug|Any CPU
		{55A51366-B0EB-4866-A8DE-063B76DCDBFF}.Ad-Hoc|x64.Build.0 = Debug|Any CPU
		{55A51366-B0EB-4866-A8DE-063B76DCDBFF}.Ad-Hoc|x86.ActiveCfg = Debug|Any CPU
		{55A51366-B0EB-4866-A8DE-063B76DCDBFF}.Ad-Hoc|x86.Build.0 = Debug|Any CPU
		{55A51366-B0EB-4866-A8DE-063B76DCDBFF}.AppStore|Any CPU.ActiveCfg = Debug|Any CPU
		{55A51366-B0EB-4866-A8DE-063B76DCDBFF}.AppStore|Any CPU.Build.0 = Debug|Any CPU
		{55A51366-B0EB-4866-A8DE-063B76DCDBFF}.AppStore|ARM.ActiveCfg = Debug|Any CPU
		{55A51366-B0EB-4866-A8DE-063B76DCDBFF}.AppStore|ARM.Build.0 = Debug|Any CPU
		{55A51366-B0EB-4866-A8DE-063B76DCDBFF}.AppStore|iPhone.ActiveCfg = Debug|Any CPU
		{55A51366-B0EB-4866-A8DE-063B76DCDBFF}.AppStore|iPhone.Build.0 = Debug|Any CPU
		{55A51366-B0EB-4866-A8DE-063B76DCDBFF}.AppStore|iPhoneSimulator.ActiveCfg = Debug|Any CPU
		{55A51366-B0EB-4866-A8DE-063B76DCDBFF}.AppStore|iPhoneSimulator.Build.0 = Debug|Any CPU
		{55A51366-B0EB-4866-A8DE-063B76DCDBFF}.AppStore|x64.ActiveCfg = Debug|Any CPU
		{55A51366-B0EB-4866-A8DE-063B76DCDBFF}.AppStore|x64.Build.0 = Debug|Any CPU
		{55A51366-B0EB-4866-A8DE-063B76DCDBFF}.AppStore|x86.ActiveCfg = Debug|Any CPU
		{55A51366-B0EB-4866-A8DE-063B76DCDBFF}.AppStore|x86.Build.0 = Debug|Any CPU
		{55A51366-B0EB-4866-A8DE-063B76DCDBFF}.Debug|Any CPU.ActiveCfg = Debug|Any CPU
		{55A51366-B0EB-4866-A8DE-063B76DCDBFF}.Debug|Any CPU.Build.0 = Debug|Any CPU
		{55A51366-B0EB-4866-A8DE-063B76DCDBFF}.Debug|ARM.ActiveCfg = Debug|Any CPU
		{55A51366-B0EB-4866-A8DE-063B76DCDBFF}.Debug|ARM.Build.0 = Debug|Any CPU
		{55A51366-B0EB-4866-A8DE-063B76DCDBFF}.Debug|iPhone.ActiveCfg = Debug|Any CPU
		{55A51366-B0EB-4866-A8DE-063B76DCDBFF}.Debug|iPhone.Build.0 = Debug|Any CPU
		{55A51366-B0EB-4866-A8DE-063B76DCDBFF}.Debug|iPhoneSimulator.ActiveCfg = Debug|Any CPU
		{55A51366-B0EB-4866-A8DE-063B76DCDBFF}.Debug|iPhoneSimulator.Build.0 = Debug|Any CPU
		{55A51366-B0EB-4866-A8DE-063B76DCDBFF}.Debug|x64.ActiveCfg = Debug|Any CPU
		{55A51366-B0EB-4866-A8DE-063B76DCDBFF}.Debug|x64.Build.0 = Debug|Any CPU
		{55A51366-B0EB-4866-A8DE-063B76DCDBFF}.Debug|x86.ActiveCfg = Debug|Any CPU
		{55A51366-B0EB-4866-A8DE-063B76DCDBFF}.Debug|x86.Build.0 = Debug|Any CPU
		{55A51366-B0EB-4866-A8DE-063B76DCDBFF}.Release|Any CPU.ActiveCfg = Release|Any CPU
		{55A51366-B0EB-4866-A8DE-063B76DCDBFF}.Release|Any CPU.Build.0 = Release|Any CPU
		{55A51366-B0EB-4866-A8DE-063B76DCDBFF}.Release|ARM.ActiveCfg = Release|Any CPU
		{55A51366-B0EB-4866-A8DE-063B76DCDBFF}.Release|ARM.Build.0 = Release|Any CPU
		{55A51366-B0EB-4866-A8DE-063B76DCDBFF}.Release|iPhone.ActiveCfg = Release|Any CPU
		{55A51366-B0EB-4866-A8DE-063B76DCDBFF}.Release|iPhone.Build.0 = Release|Any CPU
		{55A51366-B0EB-4866-A8DE-063B76DCDBFF}.Release|iPhoneSimulator.ActiveCfg = Release|Any CPU
		{55A51366-B0EB-4866-A8DE-063B76DCDBFF}.Release|iPhoneSimulator.Build.0 = Release|Any CPU
		{55A51366-B0EB-4866-A8DE-063B76DCDBFF}.Release|x64.ActiveCfg = Release|Any CPU
		{55A51366-B0EB-4866-A8DE-063B76DCDBFF}.Release|x64.Build.0 = Release|Any CPU
		{55A51366-B0EB-4866-A8DE-063B76DCDBFF}.Release|x86.ActiveCfg = Release|Any CPU
		{55A51366-B0EB-4866-A8DE-063B76DCDBFF}.Release|x86.Build.0 = Release|Any CPU
		{F50892F2-A82F-4532-8A05-5824DBB941F9}.Ad-Hoc|Any CPU.ActiveCfg = Debug|Any CPU
		{F50892F2-A82F-4532-8A05-5824DBB941F9}.Ad-Hoc|Any CPU.Build.0 = Debug|Any CPU
		{F50892F2-A82F-4532-8A05-5824DBB941F9}.Ad-Hoc|ARM.ActiveCfg = Debug|Any CPU
		{F50892F2-A82F-4532-8A05-5824DBB941F9}.Ad-Hoc|ARM.Build.0 = Debug|Any CPU
		{F50892F2-A82F-4532-8A05-5824DBB941F9}.Ad-Hoc|iPhone.ActiveCfg = Debug|Any CPU
		{F50892F2-A82F-4532-8A05-5824DBB941F9}.Ad-Hoc|iPhone.Build.0 = Debug|Any CPU
		{F50892F2-A82F-4532-8A05-5824DBB941F9}.Ad-Hoc|iPhoneSimulator.ActiveCfg = Debug|Any CPU
		{F50892F2-A82F-4532-8A05-5824DBB941F9}.Ad-Hoc|iPhoneSimulator.Build.0 = Debug|Any CPU
		{F50892F2-A82F-4532-8A05-5824DBB941F9}.Ad-Hoc|x64.ActiveCfg = Debug|Any CPU
		{F50892F2-A82F-4532-8A05-5824DBB941F9}.Ad-Hoc|x64.Build.0 = Debug|Any CPU
		{F50892F2-A82F-4532-8A05-5824DBB941F9}.Ad-Hoc|x86.ActiveCfg = Debug|Any CPU
		{F50892F2-A82F-4532-8A05-5824DBB941F9}.Ad-Hoc|x86.Build.0 = Debug|Any CPU
		{F50892F2-A82F-4532-8A05-5824DBB941F9}.AppStore|Any CPU.ActiveCfg = Debug|Any CPU
		{F50892F2-A82F-4532-8A05-5824DBB941F9}.AppStore|Any CPU.Build.0 = Debug|Any CPU
		{F50892F2-A82F-4532-8A05-5824DBB941F9}.AppStore|ARM.ActiveCfg = Debug|Any CPU
		{F50892F2-A82F-4532-8A05-5824DBB941F9}.AppStore|ARM.Build.0 = Debug|Any CPU
		{F50892F2-A82F-4532-8A05-5824DBB941F9}.AppStore|iPhone.ActiveCfg = Debug|Any CPU
		{F50892F2-A82F-4532-8A05-5824DBB941F9}.AppStore|iPhone.Build.0 = Debug|Any CPU
		{F50892F2-A82F-4532-8A05-5824DBB941F9}.AppStore|iPhoneSimulator.ActiveCfg = Debug|Any CPU
		{F50892F2-A82F-4532-8A05-5824DBB941F9}.AppStore|iPhoneSimulator.Build.0 = Debug|Any CPU
		{F50892F2-A82F-4532-8A05-5824DBB941F9}.AppStore|x64.ActiveCfg = Debug|Any CPU
		{F50892F2-A82F-4532-8A05-5824DBB941F9}.AppStore|x64.Build.0 = Debug|Any CPU
		{F50892F2-A82F-4532-8A05-5824DBB941F9}.AppStore|x86.ActiveCfg = Debug|Any CPU
		{F50892F2-A82F-4532-8A05-5824DBB941F9}.AppStore|x86.Build.0 = Debug|Any CPU
		{F50892F2-A82F-4532-8A05-5824DBB941F9}.Debug|Any CPU.ActiveCfg = Debug|Any CPU
		{F50892F2-A82F-4532-8A05-5824DBB941F9}.Debug|Any CPU.Build.0 = Debug|Any CPU
		{F50892F2-A82F-4532-8A05-5824DBB941F9}.Debug|ARM.ActiveCfg = Debug|Any CPU
		{F50892F2-A82F-4532-8A05-5824DBB941F9}.Debug|ARM.Build.0 = Debug|Any CPU
		{F50892F2-A82F-4532-8A05-5824DBB941F9}.Debug|iPhone.ActiveCfg = Debug|Any CPU
		{F50892F2-A82F-4532-8A05-5824DBB941F9}.Debug|iPhone.Build.0 = Debug|Any CPU
		{F50892F2-A82F-4532-8A05-5824DBB941F9}.Debug|iPhoneSimulator.ActiveCfg = Debug|Any CPU
		{F50892F2-A82F-4532-8A05-5824DBB941F9}.Debug|iPhoneSimulator.Build.0 = Debug|Any CPU
		{F50892F2-A82F-4532-8A05-5824DBB941F9}.Debug|x64.ActiveCfg = Debug|Any CPU
		{F50892F2-A82F-4532-8A05-5824DBB941F9}.Debug|x64.Build.0 = Debug|Any CPU
		{F50892F2-A82F-4532-8A05-5824DBB941F9}.Debug|x86.ActiveCfg = Debug|Any CPU
		{F50892F2-A82F-4532-8A05-5824DBB941F9}.Debug|x86.Build.0 = Debug|Any CPU
		{F50892F2-A82F-4532-8A05-5824DBB941F9}.Release|Any CPU.ActiveCfg = Release|Any CPU
		{F50892F2-A82F-4532-8A05-5824DBB941F9}.Release|Any CPU.Build.0 = Release|Any CPU
		{F50892F2-A82F-4532-8A05-5824DBB941F9}.Release|ARM.ActiveCfg = Release|Any CPU
		{F50892F2-A82F-4532-8A05-5824DBB941F9}.Release|ARM.Build.0 = Release|Any CPU
		{F50892F2-A82F-4532-8A05-5824DBB941F9}.Release|iPhone.ActiveCfg = Release|Any CPU
		{F50892F2-A82F-4532-8A05-5824DBB941F9}.Release|iPhone.Build.0 = Release|Any CPU
		{F50892F2-A82F-4532-8A05-5824DBB941F9}.Release|iPhoneSimulator.ActiveCfg = Release|Any CPU
		{F50892F2-A82F-4532-8A05-5824DBB941F9}.Release|iPhoneSimulator.Build.0 = Release|Any CPU
		{F50892F2-A82F-4532-8A05-5824DBB941F9}.Release|x64.ActiveCfg = Release|Any CPU
		{F50892F2-A82F-4532-8A05-5824DBB941F9}.Release|x64.Build.0 = Release|Any CPU
		{F50892F2-A82F-4532-8A05-5824DBB941F9}.Release|x86.ActiveCfg = Release|Any CPU
		{F50892F2-A82F-4532-8A05-5824DBB941F9}.Release|x86.Build.0 = Release|Any CPU
		{CC5D03FB-99BB-4FD0-A2CA-ECCE983454CC}.Ad-Hoc|Any CPU.ActiveCfg = Release|Any CPU
		{CC5D03FB-99BB-4FD0-A2CA-ECCE983454CC}.Ad-Hoc|Any CPU.Build.0 = Release|Any CPU
		{CC5D03FB-99BB-4FD0-A2CA-ECCE983454CC}.Ad-Hoc|ARM.ActiveCfg = Release|Any CPU
		{CC5D03FB-99BB-4FD0-A2CA-ECCE983454CC}.Ad-Hoc|ARM.Build.0 = Release|Any CPU
		{CC5D03FB-99BB-4FD0-A2CA-ECCE983454CC}.Ad-Hoc|iPhone.ActiveCfg = Release|Any CPU
		{CC5D03FB-99BB-4FD0-A2CA-ECCE983454CC}.Ad-Hoc|iPhone.Build.0 = Release|Any CPU
		{CC5D03FB-99BB-4FD0-A2CA-ECCE983454CC}.Ad-Hoc|iPhoneSimulator.ActiveCfg = Release|Any CPU
		{CC5D03FB-99BB-4FD0-A2CA-ECCE983454CC}.Ad-Hoc|iPhoneSimulator.Build.0 = Release|Any CPU
		{CC5D03FB-99BB-4FD0-A2CA-ECCE983454CC}.Ad-Hoc|x64.ActiveCfg = Release|Any CPU
		{CC5D03FB-99BB-4FD0-A2CA-ECCE983454CC}.Ad-Hoc|x64.Build.0 = Release|Any CPU
		{CC5D03FB-99BB-4FD0-A2CA-ECCE983454CC}.Ad-Hoc|x86.ActiveCfg = Release|Any CPU
		{CC5D03FB-99BB-4FD0-A2CA-ECCE983454CC}.Ad-Hoc|x86.Build.0 = Release|Any CPU
		{CC5D03FB-99BB-4FD0-A2CA-ECCE983454CC}.AppStore|Any CPU.ActiveCfg = Release|Any CPU
		{CC5D03FB-99BB-4FD0-A2CA-ECCE983454CC}.AppStore|Any CPU.Build.0 = Release|Any CPU
		{CC5D03FB-99BB-4FD0-A2CA-ECCE983454CC}.AppStore|ARM.ActiveCfg = Release|Any CPU
		{CC5D03FB-99BB-4FD0-A2CA-ECCE983454CC}.AppStore|ARM.Build.0 = Release|Any CPU
		{CC5D03FB-99BB-4FD0-A2CA-ECCE983454CC}.AppStore|iPhone.ActiveCfg = Release|Any CPU
		{CC5D03FB-99BB-4FD0-A2CA-ECCE983454CC}.AppStore|iPhone.Build.0 = Release|Any CPU
		{CC5D03FB-99BB-4FD0-A2CA-ECCE983454CC}.AppStore|iPhoneSimulator.ActiveCfg = Release|Any CPU
		{CC5D03FB-99BB-4FD0-A2CA-ECCE983454CC}.AppStore|iPhoneSimulator.Build.0 = Release|Any CPU
		{CC5D03FB-99BB-4FD0-A2CA-ECCE983454CC}.AppStore|x64.ActiveCfg = Release|Any CPU
		{CC5D03FB-99BB-4FD0-A2CA-ECCE983454CC}.AppStore|x64.Build.0 = Release|Any CPU
		{CC5D03FB-99BB-4FD0-A2CA-ECCE983454CC}.AppStore|x86.ActiveCfg = Release|Any CPU
		{CC5D03FB-99BB-4FD0-A2CA-ECCE983454CC}.AppStore|x86.Build.0 = Release|Any CPU
		{CC5D03FB-99BB-4FD0-A2CA-ECCE983454CC}.Debug|Any CPU.ActiveCfg = Debug|Any CPU
		{CC5D03FB-99BB-4FD0-A2CA-ECCE983454CC}.Debug|Any CPU.Build.0 = Debug|Any CPU
		{CC5D03FB-99BB-4FD0-A2CA-ECCE983454CC}.Debug|ARM.ActiveCfg = Debug|Any CPU
		{CC5D03FB-99BB-4FD0-A2CA-ECCE983454CC}.Debug|ARM.Build.0 = Debug|Any CPU
		{CC5D03FB-99BB-4FD0-A2CA-ECCE983454CC}.Debug|iPhone.ActiveCfg = Debug|Any CPU
		{CC5D03FB-99BB-4FD0-A2CA-ECCE983454CC}.Debug|iPhone.Build.0 = Debug|Any CPU
		{CC5D03FB-99BB-4FD0-A2CA-ECCE983454CC}.Debug|iPhoneSimulator.ActiveCfg = Debug|Any CPU
		{CC5D03FB-99BB-4FD0-A2CA-ECCE983454CC}.Debug|iPhoneSimulator.Build.0 = Debug|Any CPU
		{CC5D03FB-99BB-4FD0-A2CA-ECCE983454CC}.Debug|x64.ActiveCfg = Debug|Any CPU
		{CC5D03FB-99BB-4FD0-A2CA-ECCE983454CC}.Debug|x64.Build.0 = Debug|Any CPU
		{CC5D03FB-99BB-4FD0-A2CA-ECCE983454CC}.Debug|x86.ActiveCfg = Debug|Any CPU
		{CC5D03FB-99BB-4FD0-A2CA-ECCE983454CC}.Debug|x86.Build.0 = Debug|Any CPU
		{CC5D03FB-99BB-4FD0-A2CA-ECCE983454CC}.Release|Any CPU.ActiveCfg = Release|Any CPU
		{CC5D03FB-99BB-4FD0-A2CA-ECCE983454CC}.Release|Any CPU.Build.0 = Release|Any CPU
		{CC5D03FB-99BB-4FD0-A2CA-ECCE983454CC}.Release|ARM.ActiveCfg = Release|Any CPU
		{CC5D03FB-99BB-4FD0-A2CA-ECCE983454CC}.Release|ARM.Build.0 = Release|Any CPU
		{CC5D03FB-99BB-4FD0-A2CA-ECCE983454CC}.Release|iPhone.ActiveCfg = Release|Any CPU
		{CC5D03FB-99BB-4FD0-A2CA-ECCE983454CC}.Release|iPhone.Build.0 = Release|Any CPU
		{CC5D03FB-99BB-4FD0-A2CA-ECCE983454CC}.Release|iPhoneSimulator.ActiveCfg = Release|Any CPU
		{CC5D03FB-99BB-4FD0-A2CA-ECCE983454CC}.Release|iPhoneSimulator.Build.0 = Release|Any CPU
		{CC5D03FB-99BB-4FD0-A2CA-ECCE983454CC}.Release|x64.ActiveCfg = Release|Any CPU
		{CC5D03FB-99BB-4FD0-A2CA-ECCE983454CC}.Release|x64.Build.0 = Release|Any CPU
		{CC5D03FB-99BB-4FD0-A2CA-ECCE983454CC}.Release|x86.ActiveCfg = Release|Any CPU
		{CC5D03FB-99BB-4FD0-A2CA-ECCE983454CC}.Release|x86.Build.0 = Release|Any CPU
	EndGlobalSection
	GlobalSection(SolutionProperties) = preSolution
		HideSolutionNode = FALSE
	EndGlobalSection
	GlobalSection(NestedProjects) = preSolution
		{CC5D03FB-99BB-4FD0-A2CA-ECCE983454CC} = {101FAF12-0301-4572-959A-3E0C54ED991E}
	EndGlobalSection
	GlobalSection(ExtensibilityGlobals) = postSolution
		SolutionGuid = {3E0A5D15-3647-4BC7-B133-8526242EC901}
	EndGlobalSection
EndGlobal
